// !$*UTF8*$!
{
	archiveVersion = 1;
	classes = {
	};
	objectVersion = 46;
	objects = {

/* Begin PBXBuildFile section */
		25522B26EA6AEC6F4A05FAA4 /* libPods-FunWord.a in Frameworks */ = {isa = PBXBuildFile; fileRef = A64BDF7003DDBCB686607B71 /* libPods-FunWord.a */; };
		840136CA1A5300DE00CD5635 /* libz.1.dylib in Frameworks */ = {isa = PBXBuildFile; fileRef = 840136C91A5300DE00CD5635 /* libz.1.dylib */; };
		84F23BB61A466CC90084F122 /* main.m in Sources */ = {isa = PBXBuildFile; fileRef = 84F23BB51A466CC90084F122 /* main.m */; };
		84F23BB91A466CC90084F122 /* AppDelegate.m in Sources */ = {isa = PBXBuildFile; fileRef = 84F23BB81A466CC90084F122 /* AppDelegate.m */; };
		84F23BC11A466CC90084F122 /* Images.xcassets in Resources */ = {isa = PBXBuildFile; fileRef = 84F23BC01A466CC90084F122 /* Images.xcassets */; };
		84F23BC41A466CC90084F122 /* LaunchScreen.xib in Resources */ = {isa = PBXBuildFile; fileRef = 84F23BC21A466CC90084F122 /* LaunchScreen.xib */; };
		84F23BD01A466CC90084F122 /* FunWordTests.m in Sources */ = {isa = PBXBuildFile; fileRef = 84F23BCF1A466CC90084F122 /* FunWordTests.m */; };
		84F23BE31A466CED0084F122 /* KeyboardViewController.m in Sources */ = {isa = PBXBuildFile; fileRef = 84F23BE21A466CED0084F122 /* KeyboardViewController.m */; };
		84F23BE61A466CED0084F122 /* FunWordKeyboard.appex in Embed App Extensions */ = {isa = PBXBuildFile; fileRef = 84F23BDD1A466CED0084F122 /* FunWordKeyboard.appex */; settings = {ATTRIBUTES = (RemoveHeadersOnCopy, ); }; };
		9C0FC1541A6D3E8800D1BC15 /* RootViewController.m in Sources */ = {isa = PBXBuildFile; fileRef = 9C0FC1531A6D3E8800D1BC15 /* RootViewController.m */; };
		9C0FC1581A6D3F4B00D1BC15 /* RankingViewController.m in Sources */ = {isa = PBXBuildFile; fileRef = 9C0FC1571A6D3F4B00D1BC15 /* RankingViewController.m */; };
		9C0FC15B1A6D3F5B00D1BC15 /* LoveViewController.m in Sources */ = {isa = PBXBuildFile; fileRef = 9C0FC15A1A6D3F5B00D1BC15 /* LoveViewController.m */; };
		9C0FC15E1A6D3F6500D1BC15 /* EditViewController.m in Sources */ = {isa = PBXBuildFile; fileRef = 9C0FC15D1A6D3F6500D1BC15 /* EditViewController.m */; };
		9C0FC1651A6D407900D1BC15 /* edit_off@2x.png in Resources */ = {isa = PBXBuildFile; fileRef = 9C0FC15F1A6D407900D1BC15 /* edit_off@2x.png */; };
		9C0FC1661A6D407900D1BC15 /* edit_on@2x.png in Resources */ = {isa = PBXBuildFile; fileRef = 9C0FC1601A6D407900D1BC15 /* edit_on@2x.png */; };
		9C0FC1671A6D407900D1BC15 /* love_off@2x.png in Resources */ = {isa = PBXBuildFile; fileRef = 9C0FC1611A6D407900D1BC15 /* love_off@2x.png */; };
		9C0FC1681A6D407900D1BC15 /* love_on@2x.png in Resources */ = {isa = PBXBuildFile; fileRef = 9C0FC1621A6D407900D1BC15 /* love_on@2x.png */; };
		9C0FC1691A6D407900D1BC15 /* ranking_off@2x.png in Resources */ = {isa = PBXBuildFile; fileRef = 9C0FC1631A6D407900D1BC15 /* ranking_off@2x.png */; };
		9C0FC16A1A6D407900D1BC15 /* ranking_on@2x.png in Resources */ = {isa = PBXBuildFile; fileRef = 9C0FC1641A6D407900D1BC15 /* ranking_on@2x.png */; };
		9C0FC16C1A6D422F00D1BC15 /* actionbar_bg@2x.png in Resources */ = {isa = PBXBuildFile; fileRef = 9C0FC16B1A6D422F00D1BC15 /* actionbar_bg@2x.png */; };
		9C0FC16E1A6D495900D1BC15 /* topbar_bg@2x.png in Resources */ = {isa = PBXBuildFile; fileRef = 9C0FC16D1A6D495900D1BC15 /* topbar_bg@2x.png */; };
		9C0FC1721A6D4F4B00D1BC15 /* GCTabbarItem.m in Sources */ = {isa = PBXBuildFile; fileRef = 9C0FC1711A6D4F4B00D1BC15 /* GCTabbarItem.m */; };
		9C0FC1751A6D626600D1BC15 /* GCNavigationViewController.m in Sources */ = {isa = PBXBuildFile; fileRef = 9C0FC1741A6D626600D1BC15 /* GCNavigationViewController.m */; };
		9C0FC1771A6D64B800D1BC15 /* topbar_bt_user@2x.png in Resources */ = {isa = PBXBuildFile; fileRef = 9C0FC1761A6D64B800D1BC15 /* topbar_bt_user@2x.png */; };
		9C0FC17E1A6D658200D1BC15 /* UIViewController+GCloud.m in Sources */ = {isa = PBXBuildFile; fileRef = 9C0FC17D1A6D658200D1BC15 /* UIViewController+GCloud.m */; };
		9C0FC1801A6D68D200D1BC15 /* topbar_bt_back@2x.png in Resources */ = {isa = PBXBuildFile; fileRef = 9C0FC17F1A6D68D200D1BC15 /* topbar_bt_back@2x.png */; };
		9C0FC1831A6D693900D1BC15 /* WordViewController.m in Sources */ = {isa = PBXBuildFile; fileRef = 9C0FC1821A6D693900D1BC15 /* WordViewController.m */; };
		9C0FC1851A6D6AC300D1BC15 /* bg_pattern@2x.jpg in Resources */ = {isa = PBXBuildFile; fileRef = 9C0FC1841A6D6AC300D1BC15 /* bg_pattern@2x.jpg */; };
		9C0FC1881A6D6BB700D1BC15 /* HttpClient.m in Sources */ = {isa = PBXBuildFile; fileRef = 9C0FC1871A6D6BB700D1BC15 /* HttpClient.m */; };
		9C0FC18C1A6DF52800D1BC15 /* BaseModel.m in Sources */ = {isa = PBXBuildFile; fileRef = 9C0FC18B1A6DF52800D1BC15 /* BaseModel.m */; };
		9C0FC18F1A6DF8FB00D1BC15 /* bt_emotion@2x.png in Resources */ = {isa = PBXBuildFile; fileRef = 9C0FC18D1A6DF8FB00D1BC15 /* bt_emotion@2x.png */; };
		9C0FC1901A6DF8FB00D1BC15 /* bt_text@2x.png in Resources */ = {isa = PBXBuildFile; fileRef = 9C0FC18E1A6DF8FB00D1BC15 /* bt_text@2x.png */; };
		9C0FC1921A6DFBFB00D1BC15 /* ranking_bt_bg@2x.png in Resources */ = {isa = PBXBuildFile; fileRef = 9C0FC1911A6DFBFB00D1BC15 /* ranking_bt_bg@2x.png */; };
		9C0FC1941A6DFC4800D1BC15 /* rose_line@2x.png in Resources */ = {isa = PBXBuildFile; fileRef = 9C0FC1931A6DFC4800D1BC15 /* rose_line@2x.png */; };
		9C0FC1971A6DFCCF00D1BC15 /* EmotionViewController.m in Sources */ = {isa = PBXBuildFile; fileRef = 9C0FC1961A6DFCCF00D1BC15 /* EmotionViewController.m */; };
		9C0FC19A1A6DFE6900D1BC15 /* FunWorkSegmentView.m in Sources */ = {isa = PBXBuildFile; fileRef = 9C0FC1991A6DFE6900D1BC15 /* FunWorkSegmentView.m */; };
		9C0FC19F1A6E003400D1BC15 /* bt_new_off@2x.png in Resources */ = {isa = PBXBuildFile; fileRef = 9C0FC19B1A6E003400D1BC15 /* bt_new_off@2x.png */; };
		9C0FC1A01A6E003400D1BC15 /* bt_new_on@2x.png in Resources */ = {isa = PBXBuildFile; fileRef = 9C0FC19C1A6E003400D1BC15 /* bt_new_on@2x.png */; };
		9C0FC1A11A6E003400D1BC15 /* bt_popular_off@2x.png in Resources */ = {isa = PBXBuildFile; fileRef = 9C0FC19D1A6E003400D1BC15 /* bt_popular_off@2x.png */; };
		9C0FC1A21A6E003400D1BC15 /* bt_popular_on@2x.png in Resources */ = {isa = PBXBuildFile; fileRef = 9C0FC19E1A6E003400D1BC15 /* bt_popular_on@2x.png */; };
		9C0FC1A41A6E047300D1BC15 /* emotion_bt_bg@2x.png in Resources */ = {isa = PBXBuildFile; fileRef = 9C0FC1A31A6E047300D1BC15 /* emotion_bt_bg@2x.png */; };
		9C0FC1A61A6E084500D1BC15 /* emotion_bg1@2x.png in Resources */ = {isa = PBXBuildFile; fileRef = 9C0FC1A51A6E084500D1BC15 /* emotion_bg1@2x.png */; };
		9C0FC1A81A6E10B000D1BC15 /* icon@2x.png in Resources */ = {isa = PBXBuildFile; fileRef = 9C0FC1A71A6E10B000D1BC15 /* icon@2x.png */; };
		9C0FC1AA1A6E297500D1BC15 /* word_bg@2x.png in Resources */ = {isa = PBXBuildFile; fileRef = 9C0FC1A91A6E297500D1BC15 /* word_bg@2x.png */; };
		9C0FC1AD1A6E30E400D1BC15 /* s2g.ttf in Resources */ = {isa = PBXBuildFile; fileRef = 9C0FC1AC1A6E30E400D1BC15 /* s2g.ttf */; };
		9C0FC1B01A6E328600D1BC15 /* WordCatagoryCell.m in Sources */ = {isa = PBXBuildFile; fileRef = 9C0FC1AF1A6E328600D1BC15 /* WordCatagoryCell.m */; };
		9C0FC1B31A6E32D900D1BC15 /* CatagoryModel.m in Sources */ = {isa = PBXBuildFile; fileRef = 9C0FC1B21A6E32D900D1BC15 /* CatagoryModel.m */; };
		9C0FC1B61A6E358200D1BC15 /* text_bt_bg1@2x.png in Resources */ = {isa = PBXBuildFile; fileRef = 9C0FC1B41A6E358200D1BC15 /* text_bt_bg1@2x.png */; };
		9C0FC1B71A6E358200D1BC15 /* text_bt_bg2@2x.png in Resources */ = {isa = PBXBuildFile; fileRef = 9C0FC1B51A6E358200D1BC15 /* text_bt_bg2@2x.png */; };
		9C0FC1BA1A6E373100D1BC15 /* WordCatagoryHeadCell.m in Sources */ = {isa = PBXBuildFile; fileRef = 9C0FC1B91A6E373100D1BC15 /* WordCatagoryHeadCell.m */; };
		9C0FC1BD1A6E3A3B00D1BC15 /* WordCagatoryViewController.m in Sources */ = {isa = PBXBuildFile; fileRef = 9C0FC1BC1A6E3A3B00D1BC15 /* WordCagatoryViewController.m */; };
		9C0FC1C01A6E422E00D1BC15 /* WordModel.m in Sources */ = {isa = PBXBuildFile; fileRef = 9C0FC1BF1A6E422E00D1BC15 /* WordModel.m */; };
		9C0FC1C31A6E4A3D00D1BC15 /* WordTableView.m in Sources */ = {isa = PBXBuildFile; fileRef = 9C0FC1C21A6E4A3D00D1BC15 /* WordTableView.m */; };
		9C0FC1C61A6E4BEE00D1BC15 /* WordCell.m in Sources */ = {isa = PBXBuildFile; fileRef = 9C0FC1C51A6E4BEE00D1BC15 /* WordCell.m */; };
		9C0FC1C81A6E4D8900D1BC15 /* text_bg@2x.png in Resources */ = {isa = PBXBuildFile; fileRef = 9C0FC1C71A6E4D8900D1BC15 /* text_bg@2x.png */; };
		9C0FC1CB1A6E509900D1BC15 /* bt_love_off@2x.png in Resources */ = {isa = PBXBuildFile; fileRef = 9C0FC1C91A6E509900D1BC15 /* bt_love_off@2x.png */; };
		9C0FC1CC1A6E509900D1BC15 /* bt_love_on@2x.png in Resources */ = {isa = PBXBuildFile; fileRef = 9C0FC1CA1A6E509900D1BC15 /* bt_love_on@2x.png */; };
		9C0FC1D11A6E553000D1BC15 /* bt1_text_off@2x.png in Resources */ = {isa = PBXBuildFile; fileRef = 9C0FC1CD1A6E553000D1BC15 /* bt1_text_off@2x.png */; };
		9C0FC1D21A6E553000D1BC15 /* bt1_text_on@2x.png in Resources */ = {isa = PBXBuildFile; fileRef = 9C0FC1CE1A6E553000D1BC15 /* bt1_text_on@2x.png */; };
		9C0FC1D31A6E553000D1BC15 /* bt2_emotion_off@2x.png in Resources */ = {isa = PBXBuildFile; fileRef = 9C0FC1CF1A6E553000D1BC15 /* bt2_emotion_off@2x.png */; };
		9C0FC1D41A6E553000D1BC15 /* bt2_emotion_on@2x.png in Resources */ = {isa = PBXBuildFile; fileRef = 9C0FC1D01A6E553000D1BC15 /* bt2_emotion_on@2x.png */; };
		9C0FC1D61A6E568100D1BC15 /* bt_bg@2x.png in Resources */ = {isa = PBXBuildFile; fileRef = 9C0FC1D51A6E568100D1BC15 /* bt_bg@2x.png */; };
		9C0FC1D81A6E574800D1BC15 /* text_bg2@2x.png in Resources */ = {isa = PBXBuildFile; fileRef = 9C0FC1D71A6E574800D1BC15 /* text_bg2@2x.png */; };
		9C0FC1DB1A6E7E7C00D1BC15 /* EmotionCatagoryCell.m in Sources */ = {isa = PBXBuildFile; fileRef = 9C0FC1DA1A6E7E7C00D1BC15 /* EmotionCatagoryCell.m */; };
		9C4247F71A6ECABF004A5D48 /* user_bg@2x.png in Resources */ = {isa = PBXBuildFile; fileRef = 9C4247F61A6ECABF004A5D48 /* user_bg@2x.png */; };
		9C42482F1A6F5B77004A5D48 /* libstdc++.dylib in Frameworks */ = {isa = PBXBuildFile; fileRef = 9C42482E1A6F5B77004A5D48 /* libstdc++.dylib */; };
		9C4248311A6F5B7E004A5D48 /* libsqlite3.dylib in Frameworks */ = {isa = PBXBuildFile; fileRef = 9C4248301A6F5B7E004A5D48 /* libsqlite3.dylib */; };
		9C4248351A6F5BB6004A5D48 /* SystemConfiguration.framework in Frameworks */ = {isa = PBXBuildFile; fileRef = 9C4248341A6F5BB6004A5D48 /* SystemConfiguration.framework */; };
		9C4248371A6F5BBA004A5D48 /* QuartzCore.framework in Frameworks */ = {isa = PBXBuildFile; fileRef = 9C4248361A6F5BBA004A5D48 /* QuartzCore.framework */; };
		9C4248391A6F5BC2004A5D48 /* CoreTelephony.framework in Frameworks */ = {isa = PBXBuildFile; fileRef = 9C4248381A6F5BC2004A5D48 /* CoreTelephony.framework */; };
		9C42483B1A6F5BCF004A5D48 /* libicucore.dylib in Frameworks */ = {isa = PBXBuildFile; fileRef = 9C42483A1A6F5BCF004A5D48 /* libicucore.dylib */; };
		9C42483D1A6F5BD9004A5D48 /* libz.1.2.5.dylib in Frameworks */ = {isa = PBXBuildFile; fileRef = 9C42483C1A6F5BD9004A5D48 /* libz.1.2.5.dylib */; };
		9C42483F1A6F5BDD004A5D48 /* Security.framework in Frameworks */ = {isa = PBXBuildFile; fileRef = 9C42483E1A6F5BDD004A5D48 /* Security.framework */; };
/* End PBXBuildFile section */

/* Begin PBXContainerItemProxy section */
		84F23BCA1A466CC90084F122 /* PBXContainerItemProxy */ = {
			isa = PBXContainerItemProxy;
			containerPortal = 84F23BA81A466CC90084F122 /* Project object */;
			proxyType = 1;
			remoteGlobalIDString = 84F23BAF1A466CC90084F122;
			remoteInfo = FunWord;
		};
		84F23BE41A466CED0084F122 /* PBXContainerItemProxy */ = {
			isa = PBXContainerItemProxy;
			containerPortal = 84F23BA81A466CC90084F122 /* Project object */;
			proxyType = 1;
			remoteGlobalIDString = 84F23BDC1A466CED0084F122;
			remoteInfo = FunWordKeyboard;
		};
/* End PBXContainerItemProxy section */

/* Begin PBXCopyFilesBuildPhase section */
		84F23BEA1A466CED0084F122 /* Embed App Extensions */ = {
			isa = PBXCopyFilesBuildPhase;
			buildActionMask = 2147483647;
			dstPath = "";
			dstSubfolderSpec = 13;
			files = (
				84F23BE61A466CED0084F122 /* FunWordKeyboard.appex in Embed App Extensions */,
			);
			name = "Embed App Extensions";
			runOnlyForDeploymentPostprocessing = 0;
		};
/* End PBXCopyFilesBuildPhase section */

/* Begin PBXFileReference section */
		201D0E9A244D85177962D227 /* Pods-FunWord.release.xcconfig */ = {isa = PBXFileReference; includeInIndex = 1; lastKnownFileType = text.xcconfig; name = "Pods-FunWord.release.xcconfig"; path = "Pods/Target Support Files/Pods-FunWord/Pods-FunWord.release.xcconfig"; sourceTree = "<group>"; };
		60B180F0B3BCB450C6EED938 /* Pods-FunWord.debug.xcconfig */ = {isa = PBXFileReference; includeInIndex = 1; lastKnownFileType = text.xcconfig; name = "Pods-FunWord.debug.xcconfig"; path = "Pods/Target Support Files/Pods-FunWord/Pods-FunWord.debug.xcconfig"; sourceTree = "<group>"; };
		840136C81A52FFBD00CD5635 /* FunWord-Prefix.pch */ = {isa = PBXFileReference; fileEncoding = 4; lastKnownFileType = sourcecode.c.h; path = "FunWord-Prefix.pch"; sourceTree = "<group>"; };
		840136C91A5300DE00CD5635 /* libz.1.dylib */ = {isa = PBXFileReference; lastKnownFileType = "compiled.mach-o.dylib"; name = libz.1.dylib; path = usr/lib/libz.1.dylib; sourceTree = SDKROOT; };
		84F23BB01A466CC90084F122 /* FunWord.app */ = {isa = PBXFileReference; explicitFileType = wrapper.application; includeInIndex = 0; path = FunWord.app; sourceTree = BUILT_PRODUCTS_DIR; };
		84F23BB41A466CC90084F122 /* Info.plist */ = {isa = PBXFileReference; lastKnownFileType = text.plist.xml; path = Info.plist; sourceTree = "<group>"; };
		84F23BB51A466CC90084F122 /* main.m */ = {isa = PBXFileReference; lastKnownFileType = sourcecode.c.objc; path = main.m; sourceTree = "<group>"; };
		84F23BB71A466CC90084F122 /* AppDelegate.h */ = {isa = PBXFileReference; lastKnownFileType = sourcecode.c.h; path = AppDelegate.h; sourceTree = "<group>"; };
		84F23BB81A466CC90084F122 /* AppDelegate.m */ = {isa = PBXFileReference; lastKnownFileType = sourcecode.c.objc; path = AppDelegate.m; sourceTree = "<group>"; };
		84F23BC01A466CC90084F122 /* Images.xcassets */ = {isa = PBXFileReference; lastKnownFileType = folder.assetcatalog; path = Images.xcassets; sourceTree = "<group>"; };
		84F23BC31A466CC90084F122 /* Base */ = {isa = PBXFileReference; lastKnownFileType = file.xib; name = Base; path = Base.lproj/LaunchScreen.xib; sourceTree = "<group>"; };
		84F23BC91A466CC90084F122 /* FunWordTests.xctest */ = {isa = PBXFileReference; explicitFileType = wrapper.cfbundle; includeInIndex = 0; path = FunWordTests.xctest; sourceTree = BUILT_PRODUCTS_DIR; };
		84F23BCE1A466CC90084F122 /* Info.plist */ = {isa = PBXFileReference; lastKnownFileType = text.plist.xml; path = Info.plist; sourceTree = "<group>"; };
		84F23BCF1A466CC90084F122 /* FunWordTests.m */ = {isa = PBXFileReference; lastKnownFileType = sourcecode.c.objc; path = FunWordTests.m; sourceTree = "<group>"; };
		84F23BDD1A466CED0084F122 /* FunWordKeyboard.appex */ = {isa = PBXFileReference; explicitFileType = "wrapper.app-extension"; includeInIndex = 0; path = FunWordKeyboard.appex; sourceTree = BUILT_PRODUCTS_DIR; };
		84F23BE01A466CED0084F122 /* Info.plist */ = {isa = PBXFileReference; lastKnownFileType = text.plist.xml; path = Info.plist; sourceTree = "<group>"; };
		84F23BE11A466CED0084F122 /* KeyboardViewController.h */ = {isa = PBXFileReference; lastKnownFileType = sourcecode.c.h; path = KeyboardViewController.h; sourceTree = "<group>"; };
		84F23BE21A466CED0084F122 /* KeyboardViewController.m */ = {isa = PBXFileReference; lastKnownFileType = sourcecode.c.objc; path = KeyboardViewController.m; sourceTree = "<group>"; };
		9C0FC1521A6D3E8800D1BC15 /* RootViewController.h */ = {isa = PBXFileReference; fileEncoding = 4; lastKnownFileType = sourcecode.c.h; path = RootViewController.h; sourceTree = "<group>"; };
		9C0FC1531A6D3E8800D1BC15 /* RootViewController.m */ = {isa = PBXFileReference; fileEncoding = 4; lastKnownFileType = sourcecode.c.objc; path = RootViewController.m; sourceTree = "<group>"; };
		9C0FC1561A6D3F4B00D1BC15 /* RankingViewController.h */ = {isa = PBXFileReference; fileEncoding = 4; lastKnownFileType = sourcecode.c.h; path = RankingViewController.h; sourceTree = "<group>"; };
		9C0FC1571A6D3F4B00D1BC15 /* RankingViewController.m */ = {isa = PBXFileReference; fileEncoding = 4; lastKnownFileType = sourcecode.c.objc; path = RankingViewController.m; sourceTree = "<group>"; };
		9C0FC1591A6D3F5B00D1BC15 /* LoveViewController.h */ = {isa = PBXFileReference; fileEncoding = 4; lastKnownFileType = sourcecode.c.h; path = LoveViewController.h; sourceTree = "<group>"; };
		9C0FC15A1A6D3F5B00D1BC15 /* LoveViewController.m */ = {isa = PBXFileReference; fileEncoding = 4; lastKnownFileType = sourcecode.c.objc; path = LoveViewController.m; sourceTree = "<group>"; };
		9C0FC15C1A6D3F6500D1BC15 /* EditViewController.h */ = {isa = PBXFileReference; fileEncoding = 4; lastKnownFileType = sourcecode.c.h; path = EditViewController.h; sourceTree = "<group>"; };
		9C0FC15D1A6D3F6500D1BC15 /* EditViewController.m */ = {isa = PBXFileReference; fileEncoding = 4; lastKnownFileType = sourcecode.c.objc; path = EditViewController.m; sourceTree = "<group>"; };
		9C0FC15F1A6D407900D1BC15 /* edit_off@2x.png */ = {isa = PBXFileReference; lastKnownFileType = image.png; path = "edit_off@2x.png"; sourceTree = "<group>"; };
		9C0FC1601A6D407900D1BC15 /* edit_on@2x.png */ = {isa = PBXFileReference; lastKnownFileType = image.png; path = "edit_on@2x.png"; sourceTree = "<group>"; };
		9C0FC1611A6D407900D1BC15 /* love_off@2x.png */ = {isa = PBXFileReference; lastKnownFileType = image.png; path = "love_off@2x.png"; sourceTree = "<group>"; };
		9C0FC1621A6D407900D1BC15 /* love_on@2x.png */ = {isa = PBXFileReference; lastKnownFileType = image.png; path = "love_on@2x.png"; sourceTree = "<group>"; };
		9C0FC1631A6D407900D1BC15 /* ranking_off@2x.png */ = {isa = PBXFileReference; lastKnownFileType = image.png; path = "ranking_off@2x.png"; sourceTree = "<group>"; };
		9C0FC1641A6D407900D1BC15 /* ranking_on@2x.png */ = {isa = PBXFileReference; lastKnownFileType = image.png; path = "ranking_on@2x.png"; sourceTree = "<group>"; };
		9C0FC16B1A6D422F00D1BC15 /* actionbar_bg@2x.png */ = {isa = PBXFileReference; lastKnownFileType = image.png; path = "actionbar_bg@2x.png"; sourceTree = "<group>"; };
		9C0FC16D1A6D495900D1BC15 /* topbar_bg@2x.png */ = {isa = PBXFileReference; lastKnownFileType = image.png; path = "topbar_bg@2x.png"; sourceTree = "<group>"; };
		9C0FC1701A6D4F4B00D1BC15 /* GCTabbarItem.h */ = {isa = PBXFileReference; fileEncoding = 4; lastKnownFileType = sourcecode.c.h; path = GCTabbarItem.h; sourceTree = "<group>"; };
		9C0FC1711A6D4F4B00D1BC15 /* GCTabbarItem.m */ = {isa = PBXFileReference; fileEncoding = 4; lastKnownFileType = sourcecode.c.objc; path = GCTabbarItem.m; sourceTree = "<group>"; };
		9C0FC1731A6D626600D1BC15 /* GCNavigationViewController.h */ = {isa = PBXFileReference; fileEncoding = 4; lastKnownFileType = sourcecode.c.h; path = GCNavigationViewController.h; sourceTree = "<group>"; };
		9C0FC1741A6D626600D1BC15 /* GCNavigationViewController.m */ = {isa = PBXFileReference; fileEncoding = 4; lastKnownFileType = sourcecode.c.objc; path = GCNavigationViewController.m; sourceTree = "<group>"; };
		9C0FC1761A6D64B800D1BC15 /* topbar_bt_user@2x.png */ = {isa = PBXFileReference; lastKnownFileType = image.png; path = "topbar_bt_user@2x.png"; sourceTree = "<group>"; };
		9C0FC17C1A6D658200D1BC15 /* UIViewController+GCloud.h */ = {isa = PBXFileReference; fileEncoding = 4; lastKnownFileType = sourcecode.c.h; path = "UIViewController+GCloud.h"; sourceTree = "<group>"; };
		9C0FC17D1A6D658200D1BC15 /* UIViewController+GCloud.m */ = {isa = PBXFileReference; fileEncoding = 4; lastKnownFileType = sourcecode.c.objc; path = "UIViewController+GCloud.m"; sourceTree = "<group>"; };
		9C0FC17F1A6D68D200D1BC15 /* topbar_bt_back@2x.png */ = {isa = PBXFileReference; lastKnownFileType = image.png; path = "topbar_bt_back@2x.png"; sourceTree = "<group>"; };
		9C0FC1811A6D693900D1BC15 /* WordViewController.h */ = {isa = PBXFileReference; fileEncoding = 4; lastKnownFileType = sourcecode.c.h; path = WordViewController.h; sourceTree = "<group>"; };
		9C0FC1821A6D693900D1BC15 /* WordViewController.m */ = {isa = PBXFileReference; fileEncoding = 4; lastKnownFileType = sourcecode.c.objc; path = WordViewController.m; sourceTree = "<group>"; };
		9C0FC1841A6D6AC300D1BC15 /* bg_pattern@2x.jpg */ = {isa = PBXFileReference; lastKnownFileType = image.jpeg; path = "bg_pattern@2x.jpg"; sourceTree = "<group>"; };
		9C0FC1861A6D6BB700D1BC15 /* HttpClient.h */ = {isa = PBXFileReference; fileEncoding = 4; lastKnownFileType = sourcecode.c.h; path = HttpClient.h; sourceTree = "<group>"; };
		9C0FC1871A6D6BB700D1BC15 /* HttpClient.m */ = {isa = PBXFileReference; fileEncoding = 4; lastKnownFileType = sourcecode.c.objc; path = HttpClient.m; sourceTree = "<group>"; };
		9C0FC18A1A6DF52800D1BC15 /* BaseModel.h */ = {isa = PBXFileReference; fileEncoding = 4; lastKnownFileType = sourcecode.c.h; path = BaseModel.h; sourceTree = "<group>"; };
		9C0FC18B1A6DF52800D1BC15 /* BaseModel.m */ = {isa = PBXFileReference; fileEncoding = 4; lastKnownFileType = sourcecode.c.objc; path = BaseModel.m; sourceTree = "<group>"; };
		9C0FC18D1A6DF8FB00D1BC15 /* bt_emotion@2x.png */ = {isa = PBXFileReference; lastKnownFileType = image.png; path = "bt_emotion@2x.png"; sourceTree = "<group>"; };
		9C0FC18E1A6DF8FB00D1BC15 /* bt_text@2x.png */ = {isa = PBXFileReference; lastKnownFileType = image.png; path = "bt_text@2x.png"; sourceTree = "<group>"; };
		9C0FC1911A6DFBFB00D1BC15 /* ranking_bt_bg@2x.png */ = {isa = PBXFileReference; lastKnownFileType = image.png; path = "ranking_bt_bg@2x.png"; sourceTree = "<group>"; };
		9C0FC1931A6DFC4800D1BC15 /* rose_line@2x.png */ = {isa = PBXFileReference; lastKnownFileType = image.png; path = "rose_line@2x.png"; sourceTree = "<group>"; };
		9C0FC1951A6DFCCF00D1BC15 /* EmotionViewController.h */ = {isa = PBXFileReference; fileEncoding = 4; lastKnownFileType = sourcecode.c.h; path = EmotionViewController.h; sourceTree = "<group>"; };
		9C0FC1961A6DFCCF00D1BC15 /* EmotionViewController.m */ = {isa = PBXFileReference; fileEncoding = 4; lastKnownFileType = sourcecode.c.objc; path = EmotionViewController.m; sourceTree = "<group>"; };
		9C0FC1981A6DFE6900D1BC15 /* FunWorkSegmentView.h */ = {isa = PBXFileReference; fileEncoding = 4; lastKnownFileType = sourcecode.c.h; path = FunWorkSegmentView.h; sourceTree = "<group>"; };
		9C0FC1991A6DFE6900D1BC15 /* FunWorkSegmentView.m */ = {isa = PBXFileReference; fileEncoding = 4; lastKnownFileType = sourcecode.c.objc; path = FunWorkSegmentView.m; sourceTree = "<group>"; };
		9C0FC19B1A6E003400D1BC15 /* bt_new_off@2x.png */ = {isa = PBXFileReference; lastKnownFileType = image.png; path = "bt_new_off@2x.png"; sourceTree = "<group>"; };
		9C0FC19C1A6E003400D1BC15 /* bt_new_on@2x.png */ = {isa = PBXFileReference; lastKnownFileType = image.png; path = "bt_new_on@2x.png"; sourceTree = "<group>"; };
		9C0FC19D1A6E003400D1BC15 /* bt_popular_off@2x.png */ = {isa = PBXFileReference; lastKnownFileType = image.png; path = "bt_popular_off@2x.png"; sourceTree = "<group>"; };
		9C0FC19E1A6E003400D1BC15 /* bt_popular_on@2x.png */ = {isa = PBXFileReference; lastKnownFileType = image.png; path = "bt_popular_on@2x.png"; sourceTree = "<group>"; };
		9C0FC1A31A6E047300D1BC15 /* emotion_bt_bg@2x.png */ = {isa = PBXFileReference; lastKnownFileType = image.png; path = "emotion_bt_bg@2x.png"; sourceTree = "<group>"; };
		9C0FC1A51A6E084500D1BC15 /* emotion_bg1@2x.png */ = {isa = PBXFileReference; lastKnownFileType = image.png; path = "emotion_bg1@2x.png"; sourceTree = "<group>"; };
		9C0FC1A71A6E10B000D1BC15 /* icon@2x.png */ = {isa = PBXFileReference; lastKnownFileType = image.png; path = "icon@2x.png"; sourceTree = "<group>"; };
		9C0FC1A91A6E297500D1BC15 /* word_bg@2x.png */ = {isa = PBXFileReference; lastKnownFileType = image.png; path = "word_bg@2x.png"; sourceTree = "<group>"; };
		9C0FC1AC1A6E30E400D1BC15 /* s2g.ttf */ = {isa = PBXFileReference; lastKnownFileType = file; path = s2g.ttf; sourceTree = "<group>"; };
		9C0FC1AE1A6E328600D1BC15 /* WordCatagoryCell.h */ = {isa = PBXFileReference; fileEncoding = 4; lastKnownFileType = sourcecode.c.h; path = WordCatagoryCell.h; sourceTree = "<group>"; };
		9C0FC1AF1A6E328600D1BC15 /* WordCatagoryCell.m */ = {isa = PBXFileReference; fileEncoding = 4; lastKnownFileType = sourcecode.c.objc; path = WordCatagoryCell.m; sourceTree = "<group>"; };
		9C0FC1B11A6E32D900D1BC15 /* CatagoryModel.h */ = {isa = PBXFileReference; fileEncoding = 4; lastKnownFileType = sourcecode.c.h; path = CatagoryModel.h; sourceTree = "<group>"; };
		9C0FC1B21A6E32D900D1BC15 /* CatagoryModel.m */ = {isa = PBXFileReference; fileEncoding = 4; lastKnownFileType = sourcecode.c.objc; path = CatagoryModel.m; sourceTree = "<group>"; };
		9C0FC1B41A6E358200D1BC15 /* text_bt_bg1@2x.png */ = {isa = PBXFileReference; lastKnownFileType = image.png; path = "text_bt_bg1@2x.png"; sourceTree = "<group>"; };
		9C0FC1B51A6E358200D1BC15 /* text_bt_bg2@2x.png */ = {isa = PBXFileReference; lastKnownFileType = image.png; path = "text_bt_bg2@2x.png"; sourceTree = "<group>"; };
		9C0FC1B81A6E373100D1BC15 /* WordCatagoryHeadCell.h */ = {isa = PBXFileReference; fileEncoding = 4; lastKnownFileType = sourcecode.c.h; path = WordCatagoryHeadCell.h; sourceTree = "<group>"; };
		9C0FC1B91A6E373100D1BC15 /* WordCatagoryHeadCell.m */ = {isa = PBXFileReference; fileEncoding = 4; lastKnownFileType = sourcecode.c.objc; path = WordCatagoryHeadCell.m; sourceTree = "<group>"; };
		9C0FC1BB1A6E3A3B00D1BC15 /* WordCagatoryViewController.h */ = {isa = PBXFileReference; fileEncoding = 4; lastKnownFileType = sourcecode.c.h; path = WordCagatoryViewController.h; sourceTree = "<group>"; };
		9C0FC1BC1A6E3A3B00D1BC15 /* WordCagatoryViewController.m */ = {isa = PBXFileReference; fileEncoding = 4; lastKnownFileType = sourcecode.c.objc; path = WordCagatoryViewController.m; sourceTree = "<group>"; };
		9C0FC1BE1A6E422E00D1BC15 /* WordModel.h */ = {isa = PBXFileReference; fileEncoding = 4; lastKnownFileType = sourcecode.c.h; path = WordModel.h; sourceTree = "<group>"; };
		9C0FC1BF1A6E422E00D1BC15 /* WordModel.m */ = {isa = PBXFileReference; fileEncoding = 4; lastKnownFileType = sourcecode.c.objc; path = WordModel.m; sourceTree = "<group>"; };
		9C0FC1C11A6E4A3D00D1BC15 /* WordTableView.h */ = {isa = PBXFileReference; fileEncoding = 4; lastKnownFileType = sourcecode.c.h; path = WordTableView.h; sourceTree = "<group>"; };
		9C0FC1C21A6E4A3D00D1BC15 /* WordTableView.m */ = {isa = PBXFileReference; fileEncoding = 4; lastKnownFileType = sourcecode.c.objc; path = WordTableView.m; sourceTree = "<group>"; };
		9C0FC1C41A6E4BEE00D1BC15 /* WordCell.h */ = {isa = PBXFileReference; fileEncoding = 4; lastKnownFileType = sourcecode.c.h; path = WordCell.h; sourceTree = "<group>"; };
		9C0FC1C51A6E4BEE00D1BC15 /* WordCell.m */ = {isa = PBXFileReference; fileEncoding = 4; lastKnownFileType = sourcecode.c.objc; path = WordCell.m; sourceTree = "<group>"; };
		9C0FC1C71A6E4D8900D1BC15 /* text_bg@2x.png */ = {isa = PBXFileReference; lastKnownFileType = image.png; path = "text_bg@2x.png"; sourceTree = "<group>"; };
		9C0FC1C91A6E509900D1BC15 /* bt_love_off@2x.png */ = {isa = PBXFileReference; lastKnownFileType = image.png; path = "bt_love_off@2x.png"; sourceTree = "<group>"; };
		9C0FC1CA1A6E509900D1BC15 /* bt_love_on@2x.png */ = {isa = PBXFileReference; lastKnownFileType = image.png; path = "bt_love_on@2x.png"; sourceTree = "<group>"; };
		9C0FC1CD1A6E553000D1BC15 /* bt1_text_off@2x.png */ = {isa = PBXFileReference; lastKnownFileType = image.png; path = "bt1_text_off@2x.png"; sourceTree = "<group>"; };
		9C0FC1CE1A6E553000D1BC15 /* bt1_text_on@2x.png */ = {isa = PBXFileReference; lastKnownFileType = image.png; path = "bt1_text_on@2x.png"; sourceTree = "<group>"; };
		9C0FC1CF1A6E553000D1BC15 /* bt2_emotion_off@2x.png */ = {isa = PBXFileReference; lastKnownFileType = image.png; path = "bt2_emotion_off@2x.png"; sourceTree = "<group>"; };
		9C0FC1D01A6E553000D1BC15 /* bt2_emotion_on@2x.png */ = {isa = PBXFileReference; lastKnownFileType = image.png; path = "bt2_emotion_on@2x.png"; sourceTree = "<group>"; };
		9C0FC1D51A6E568100D1BC15 /* bt_bg@2x.png */ = {isa = PBXFileReference; lastKnownFileType = image.png; path = "bt_bg@2x.png"; sourceTree = "<group>"; };
		9C0FC1D71A6E574800D1BC15 /* text_bg2@2x.png */ = {isa = PBXFileReference; lastKnownFileType = image.png; path = "text_bg2@2x.png"; sourceTree = "<group>"; };
		9C0FC1D91A6E7E7C00D1BC15 /* EmotionCatagoryCell.h */ = {isa = PBXFileReference; fileEncoding = 4; lastKnownFileType = sourcecode.c.h; path = EmotionCatagoryCell.h; sourceTree = "<group>"; };
		9C0FC1DA1A6E7E7C00D1BC15 /* EmotionCatagoryCell.m */ = {isa = PBXFileReference; fileEncoding = 4; lastKnownFileType = sourcecode.c.objc; path = EmotionCatagoryCell.m; sourceTree = "<group>"; };
		9C4247F61A6ECABF004A5D48 /* user_bg@2x.png */ = {isa = PBXFileReference; lastKnownFileType = image.png; path = "user_bg@2x.png"; sourceTree = "<group>"; };
		9C4248281A6F5B62004A5D48 /* Social.framework */ = {isa = PBXFileReference; lastKnownFileType = wrapper.framework; name = Social.framework; path = System/Library/Frameworks/Social.framework; sourceTree = SDKROOT; };
		9C42482A1A6F5B6B004A5D48 /* Accounts.framework */ = {isa = PBXFileReference; lastKnownFileType = wrapper.framework; name = Accounts.framework; path = System/Library/Frameworks/Accounts.framework; sourceTree = SDKROOT; };
		9C42482C1A6F5B6F004A5D48 /* MessageUI.framework */ = {isa = PBXFileReference; lastKnownFileType = wrapper.framework; name = MessageUI.framework; path = System/Library/Frameworks/MessageUI.framework; sourceTree = SDKROOT; };
		9C42482E1A6F5B77004A5D48 /* libstdc++.dylib */ = {isa = PBXFileReference; lastKnownFileType = "compiled.mach-o.dylib"; name = "libstdc++.dylib"; path = "usr/lib/libstdc++.dylib"; sourceTree = SDKROOT; };
		9C4248301A6F5B7E004A5D48 /* libsqlite3.dylib */ = {isa = PBXFileReference; lastKnownFileType = "compiled.mach-o.dylib"; name = libsqlite3.dylib; path = usr/lib/libsqlite3.dylib; sourceTree = SDKROOT; };
		9C4248321A6F5B84004A5D48 /* CoreMotion.framework */ = {isa = PBXFileReference; lastKnownFileType = wrapper.framework; name = CoreMotion.framework; path = System/Library/Frameworks/CoreMotion.framework; sourceTree = SDKROOT; };
		9C4248341A6F5BB6004A5D48 /* SystemConfiguration.framework */ = {isa = PBXFileReference; lastKnownFileType = wrapper.framework; name = SystemConfiguration.framework; path = System/Library/Frameworks/SystemConfiguration.framework; sourceTree = SDKROOT; };
		9C4248361A6F5BBA004A5D48 /* QuartzCore.framework */ = {isa = PBXFileReference; lastKnownFileType = wrapper.framework; name = QuartzCore.framework; path = System/Library/Frameworks/QuartzCore.framework; sourceTree = SDKROOT; };
		9C4248381A6F5BC2004A5D48 /* CoreTelephony.framework */ = {isa = PBXFileReference; lastKnownFileType = wrapper.framework; name = CoreTelephony.framework; path = System/Library/Frameworks/CoreTelephony.framework; sourceTree = SDKROOT; };
		9C42483A1A6F5BCF004A5D48 /* libicucore.dylib */ = {isa = PBXFileReference; lastKnownFileType = "compiled.mach-o.dylib"; name = libicucore.dylib; path = usr/lib/libicucore.dylib; sourceTree = SDKROOT; };
		9C42483C1A6F5BD9004A5D48 /* libz.1.2.5.dylib */ = {isa = PBXFileReference; lastKnownFileType = "compiled.mach-o.dylib"; name = libz.1.2.5.dylib; path = usr/lib/libz.1.2.5.dylib; sourceTree = SDKROOT; };
		9C42483E1A6F5BDD004A5D48 /* Security.framework */ = {isa = PBXFileReference; lastKnownFileType = wrapper.framework; name = Security.framework; path = System/Library/Frameworks/Security.framework; sourceTree = SDKROOT; };
		A64BDF7003DDBCB686607B71 /* libPods-FunWord.a */ = {isa = PBXFileReference; explicitFileType = archive.ar; includeInIndex = 0; path = "libPods-FunWord.a"; sourceTree = BUILT_PRODUCTS_DIR; };
/* End PBXFileReference section */

/* Begin PBXFrameworksBuildPhase section */
		84F23BAD1A466CC90084F122 /* Frameworks */ = {
			isa = PBXFrameworksBuildPhase;
			buildActionMask = 2147483647;
			files = (
				9C42483F1A6F5BDD004A5D48 /* Security.framework in Frameworks */,
				9C42483D1A6F5BD9004A5D48 /* libz.1.2.5.dylib in Frameworks */,
				9C42483B1A6F5BCF004A5D48 /* libicucore.dylib in Frameworks */,
				9C4248391A6F5BC2004A5D48 /* CoreTelephony.framework in Frameworks */,
				9C4248371A6F5BBA004A5D48 /* QuartzCore.framework in Frameworks */,
				9C4248351A6F5BB6004A5D48 /* SystemConfiguration.framework in Frameworks */,
				9C4248311A6F5B7E004A5D48 /* libsqlite3.dylib in Frameworks */,
				9C42482F1A6F5B77004A5D48 /* libstdc++.dylib in Frameworks */,
				840136CA1A5300DE00CD5635 /* libz.1.dylib in Frameworks */,
				25522B26EA6AEC6F4A05FAA4 /* libPods-FunWord.a in Frameworks */,
			);
			runOnlyForDeploymentPostprocessing = 0;
		};
		84F23BC61A466CC90084F122 /* Frameworks */ = {
			isa = PBXFrameworksBuildPhase;
			buildActionMask = 2147483647;
			files = (
			);
			runOnlyForDeploymentPostprocessing = 0;
		};
		84F23BDA1A466CED0084F122 /* Frameworks */ = {
			isa = PBXFrameworksBuildPhase;
			buildActionMask = 2147483647;
			files = (
			);
			runOnlyForDeploymentPostprocessing = 0;
		};
/* End PBXFrameworksBuildPhase section */

/* Begin PBXGroup section */
		5735811EE13D595099C9DCC3 /* Pods */ = {
			isa = PBXGroup;
			children = (
				60B180F0B3BCB450C6EED938 /* Pods-FunWord.debug.xcconfig */,
				201D0E9A244D85177962D227 /* Pods-FunWord.release.xcconfig */,
			);
			name = Pods;
			sourceTree = "<group>";
		};
		840136CB1A53018A00CD5635 /* Source */ = {
			isa = PBXGroup;
			children = (
				9C0FC1891A6DF51100D1BC15 /* Model */,
				9C0FC1781A6D64EC00D1BC15 /* Helper */,
				9C0FC16F1A6D4F3A00D1BC15 /* View */,
				9C0FC1551A6D3F2F00D1BC15 /* Controller */,
				9C0FC1521A6D3E8800D1BC15 /* RootViewController.h */,
				9C0FC1531A6D3E8800D1BC15 /* RootViewController.m */,
			);
			path = Source;
			sourceTree = "<group>";
		};
		840136D81A53037700CD5635 /* Resource */ = {
			isa = PBXGroup;
			children = (
				9C4247F61A6ECABF004A5D48 /* user_bg@2x.png */,
				9C0FC1D71A6E574800D1BC15 /* text_bg2@2x.png */,
				9C0FC1D51A6E568100D1BC15 /* bt_bg@2x.png */,
				9C0FC1CD1A6E553000D1BC15 /* bt1_text_off@2x.png */,
				9C0FC1CE1A6E553000D1BC15 /* bt1_text_on@2x.png */,
				9C0FC1CF1A6E553000D1BC15 /* bt2_emotion_off@2x.png */,
				9C0FC1D01A6E553000D1BC15 /* bt2_emotion_on@2x.png */,
				9C0FC1C91A6E509900D1BC15 /* bt_love_off@2x.png */,
				9C0FC1CA1A6E509900D1BC15 /* bt_love_on@2x.png */,
				9C0FC1C71A6E4D8900D1BC15 /* text_bg@2x.png */,
				9C0FC1B41A6E358200D1BC15 /* text_bt_bg1@2x.png */,
				9C0FC1B51A6E358200D1BC15 /* text_bt_bg2@2x.png */,
				9C0FC1AC1A6E30E400D1BC15 /* s2g.ttf */,
				9C0FC1A91A6E297500D1BC15 /* word_bg@2x.png */,
				9C0FC1A71A6E10B000D1BC15 /* icon@2x.png */,
				9C0FC1A51A6E084500D1BC15 /* emotion_bg1@2x.png */,
				9C0FC1A31A6E047300D1BC15 /* emotion_bt_bg@2x.png */,
				9C0FC19B1A6E003400D1BC15 /* bt_new_off@2x.png */,
				9C0FC19C1A6E003400D1BC15 /* bt_new_on@2x.png */,
				9C0FC19D1A6E003400D1BC15 /* bt_popular_off@2x.png */,
				9C0FC19E1A6E003400D1BC15 /* bt_popular_on@2x.png */,
				9C0FC1931A6DFC4800D1BC15 /* rose_line@2x.png */,
				9C0FC1911A6DFBFB00D1BC15 /* ranking_bt_bg@2x.png */,
				9C0FC18D1A6DF8FB00D1BC15 /* bt_emotion@2x.png */,
				9C0FC18E1A6DF8FB00D1BC15 /* bt_text@2x.png */,
				9C0FC1841A6D6AC300D1BC15 /* bg_pattern@2x.jpg */,
				9C0FC17F1A6D68D200D1BC15 /* topbar_bt_back@2x.png */,
				9C0FC1761A6D64B800D1BC15 /* topbar_bt_user@2x.png */,
				9C0FC16D1A6D495900D1BC15 /* topbar_bg@2x.png */,
				9C0FC16B1A6D422F00D1BC15 /* actionbar_bg@2x.png */,
				9C0FC15F1A6D407900D1BC15 /* edit_off@2x.png */,
				9C0FC1601A6D407900D1BC15 /* edit_on@2x.png */,
				9C0FC1611A6D407900D1BC15 /* love_off@2x.png */,
				9C0FC1621A6D407900D1BC15 /* love_on@2x.png */,
				9C0FC1631A6D407900D1BC15 /* ranking_off@2x.png */,
				9C0FC1641A6D407900D1BC15 /* ranking_on@2x.png */,
			);
			path = Resource;
			sourceTree = "<group>";
		};
		84F23BA71A466CC90084F122 = {
			isa = PBXGroup;
			children = (
				84F23BB21A466CC90084F122 /* FunWord */,
				84F23BCC1A466CC90084F122 /* FunWordTests */,
				84F23BDE1A466CED0084F122 /* FunWordKeyboard */,
				84F23BB11A466CC90084F122 /* Products */,
				5735811EE13D595099C9DCC3 /* Pods */,
				B8C1F221FA0DFF4F582E5FC0 /* Frameworks */,
			);
			sourceTree = "<group>";
		};
		84F23BB11A466CC90084F122 /* Products */ = {
			isa = PBXGroup;
			children = (
				84F23BB01A466CC90084F122 /* FunWord.app */,
				84F23BC91A466CC90084F122 /* FunWordTests.xctest */,
				84F23BDD1A466CED0084F122 /* FunWordKeyboard.appex */,
			);
			name = Products;
			sourceTree = "<group>";
		};
		84F23BB21A466CC90084F122 /* FunWord */ = {
			isa = PBXGroup;
			children = (
				9C3BAA471A6EAEA30005621C /* Library */,
				840136D81A53037700CD5635 /* Resource */,
				840136CB1A53018A00CD5635 /* Source */,
				84F23BB71A466CC90084F122 /* AppDelegate.h */,
				84F23BB81A466CC90084F122 /* AppDelegate.m */,
				84F23BC01A466CC90084F122 /* Images.xcassets */,
				84F23BC21A466CC90084F122 /* LaunchScreen.xib */,
				84F23BB31A466CC90084F122 /* Supporting Files */,
			);
			path = FunWord;
			sourceTree = "<group>";
		};
		84F23BB31A466CC90084F122 /* Supporting Files */ = {
			isa = PBXGroup;
			children = (
				840136C81A52FFBD00CD5635 /* FunWord-Prefix.pch */,
				84F23BB41A466CC90084F122 /* Info.plist */,
				84F23BB51A466CC90084F122 /* main.m */,
			);
			name = "Supporting Files";
			sourceTree = "<group>";
		};
		84F23BCC1A466CC90084F122 /* FunWordTests */ = {
			isa = PBXGroup;
			children = (
				84F23BCF1A466CC90084F122 /* FunWordTests.m */,
				84F23BCD1A466CC90084F122 /* Supporting Files */,
			);
			path = FunWordTests;
			sourceTree = "<group>";
		};
		84F23BCD1A466CC90084F122 /* Supporting Files */ = {
			isa = PBXGroup;
			children = (
				84F23BCE1A466CC90084F122 /* Info.plist */,
			);
			name = "Supporting Files";
			sourceTree = "<group>";
		};
		84F23BDE1A466CED0084F122 /* FunWordKeyboard */ = {
			isa = PBXGroup;
			children = (
				84F23BE11A466CED0084F122 /* KeyboardViewController.h */,
				84F23BE21A466CED0084F122 /* KeyboardViewController.m */,
				84F23BDF1A466CED0084F122 /* Supporting Files */,
			);
			path = FunWordKeyboard;
			sourceTree = "<group>";
		};
		84F23BDF1A466CED0084F122 /* Supporting Files */ = {
			isa = PBXGroup;
			children = (
				84F23BE01A466CED0084F122 /* Info.plist */,
			);
			name = "Supporting Files";
			sourceTree = "<group>";
		};
		9C0FC1551A6D3F2F00D1BC15 /* Controller */ = {
			isa = PBXGroup;
			children = (
				9C0FC1731A6D626600D1BC15 /* GCNavigationViewController.h */,
				9C0FC1741A6D626600D1BC15 /* GCNavigationViewController.m */,
				9C0FC1561A6D3F4B00D1BC15 /* RankingViewController.h */,
				9C0FC1571A6D3F4B00D1BC15 /* RankingViewController.m */,
				9C0FC1591A6D3F5B00D1BC15 /* LoveViewController.h */,
				9C0FC15A1A6D3F5B00D1BC15 /* LoveViewController.m */,
				9C0FC15C1A6D3F6500D1BC15 /* EditViewController.h */,
				9C0FC15D1A6D3F6500D1BC15 /* EditViewController.m */,
				9C0FC1811A6D693900D1BC15 /* WordViewController.h */,
				9C0FC1821A6D693900D1BC15 /* WordViewController.m */,
				9C0FC1951A6DFCCF00D1BC15 /* EmotionViewController.h */,
				9C0FC1961A6DFCCF00D1BC15 /* EmotionViewController.m */,
				9C0FC1BB1A6E3A3B00D1BC15 /* WordCagatoryViewController.h */,
				9C0FC1BC1A6E3A3B00D1BC15 /* WordCagatoryViewController.m */,
			);
			name = Controller;
			sourceTree = "<group>";
		};
		9C0FC16F1A6D4F3A00D1BC15 /* View */ = {
			isa = PBXGroup;
			children = (
				9C0FC1701A6D4F4B00D1BC15 /* GCTabbarItem.h */,
				9C0FC1711A6D4F4B00D1BC15 /* GCTabbarItem.m */,
				9C0FC1981A6DFE6900D1BC15 /* FunWorkSegmentView.h */,
				9C0FC1991A6DFE6900D1BC15 /* FunWorkSegmentView.m */,
				9C0FC1AE1A6E328600D1BC15 /* WordCatagoryCell.h */,
				9C0FC1AF1A6E328600D1BC15 /* WordCatagoryCell.m */,
				9C0FC1B81A6E373100D1BC15 /* WordCatagoryHeadCell.h */,
				9C0FC1B91A6E373100D1BC15 /* WordCatagoryHeadCell.m */,
				9C0FC1C11A6E4A3D00D1BC15 /* WordTableView.h */,
				9C0FC1C21A6E4A3D00D1BC15 /* WordTableView.m */,
				9C0FC1C41A6E4BEE00D1BC15 /* WordCell.h */,
				9C0FC1C51A6E4BEE00D1BC15 /* WordCell.m */,
				9C0FC1D91A6E7E7C00D1BC15 /* EmotionCatagoryCell.h */,
				9C0FC1DA1A6E7E7C00D1BC15 /* EmotionCatagoryCell.m */,
			);
			name = View;
			sourceTree = "<group>";
		};
		9C0FC1781A6D64EC00D1BC15 /* Helper */ = {
			isa = PBXGroup;
			children = (
				9C0FC1861A6D6BB700D1BC15 /* HttpClient.h */,
				9C0FC1871A6D6BB700D1BC15 /* HttpClient.m */,
				9C0FC17C1A6D658200D1BC15 /* UIViewController+GCloud.h */,
				9C0FC17D1A6D658200D1BC15 /* UIViewController+GCloud.m */,
			);
			name = Helper;
			sourceTree = "<group>";
		};
		9C0FC1891A6DF51100D1BC15 /* Model */ = {
			isa = PBXGroup;
			children = (
				9C0FC18A1A6DF52800D1BC15 /* BaseModel.h */,
				9C0FC18B1A6DF52800D1BC15 /* BaseModel.m */,
				9C0FC1B11A6E32D900D1BC15 /* CatagoryModel.h */,
				9C0FC1B21A6E32D900D1BC15 /* CatagoryModel.m */,
				9C0FC1BE1A6E422E00D1BC15 /* WordModel.h */,
				9C0FC1BF1A6E422E00D1BC15 /* WordModel.m */,
			);
			name = Model;
			sourceTree = "<group>";
		};
		9C3BAA471A6EAEA30005621C /* Library */ = {
			isa = PBXGroup;
			children = (
			);
			path = Library;
			sourceTree = "<group>";
		};
		B8C1F221FA0DFF4F582E5FC0 /* Frameworks */ = {
			isa = PBXGroup;
			children = (
				9C42483E1A6F5BDD004A5D48 /* Security.framework */,
				9C42483C1A6F5BD9004A5D48 /* libz.1.2.5.dylib */,
				9C42483A1A6F5BCF004A5D48 /* libicucore.dylib */,
				9C4248381A6F5BC2004A5D48 /* CoreTelephony.framework */,
				9C4248361A6F5BBA004A5D48 /* QuartzCore.framework */,
				9C4248341A6F5BB6004A5D48 /* SystemConfiguration.framework */,
				9C4248321A6F5B84004A5D48 /* CoreMotion.framework */,
				9C4248301A6F5B7E004A5D48 /* libsqlite3.dylib */,
				9C42482E1A6F5B77004A5D48 /* libstdc++.dylib */,
				9C42482C1A6F5B6F004A5D48 /* MessageUI.framework */,
				9C42482A1A6F5B6B004A5D48 /* Accounts.framework */,
				9C4248281A6F5B62004A5D48 /* Social.framework */,
				840136C91A5300DE00CD5635 /* libz.1.dylib */,
				A64BDF7003DDBCB686607B71 /* libPods-FunWord.a */,
			);
			name = Frameworks;
			sourceTree = "<group>";
		};
/* End PBXGroup section */

/* Begin PBXNativeTarget section */
		84F23BAF1A466CC90084F122 /* FunWord */ = {
			isa = PBXNativeTarget;
			buildConfigurationList = 84F23BD31A466CC90084F122 /* Build configuration list for PBXNativeTarget "FunWord" */;
			buildPhases = (
				4BB6739D31C6A831DE721F71 /* Check Pods Manifest.lock */,
				84F23BAC1A466CC90084F122 /* Sources */,
				84F23BAD1A466CC90084F122 /* Frameworks */,
				84F23BAE1A466CC90084F122 /* Resources */,
				84F23BEA1A466CED0084F122 /* Embed App Extensions */,
				B4A042E5D9CC20E51668361D /* Copy Pods Resources */,
			);
			buildRules = (
			);
			dependencies = (
				84F23BE51A466CED0084F122 /* PBXTargetDependency */,
			);
			name = FunWord;
			productName = FunWord;
			productReference = 84F23BB01A466CC90084F122 /* FunWord.app */;
			productType = "com.apple.product-type.application";
		};
		84F23BC81A466CC90084F122 /* FunWordTests */ = {
			isa = PBXNativeTarget;
			buildConfigurationList = 84F23BD61A466CC90084F122 /* Build configuration list for PBXNativeTarget "FunWordTests" */;
			buildPhases = (
				84F23BC51A466CC90084F122 /* Sources */,
				84F23BC61A466CC90084F122 /* Frameworks */,
				84F23BC71A466CC90084F122 /* Resources */,
			);
			buildRules = (
			);
			dependencies = (
				84F23BCB1A466CC90084F122 /* PBXTargetDependency */,
			);
			name = FunWordTests;
			productName = FunWordTests;
			productReference = 84F23BC91A466CC90084F122 /* FunWordTests.xctest */;
			productType = "com.apple.product-type.bundle.unit-test";
		};
		84F23BDC1A466CED0084F122 /* FunWordKeyboard */ = {
			isa = PBXNativeTarget;
			buildConfigurationList = 84F23BE71A466CED0084F122 /* Build configuration list for PBXNativeTarget "FunWordKeyboard" */;
			buildPhases = (
				84F23BD91A466CED0084F122 /* Sources */,
				84F23BDA1A466CED0084F122 /* Frameworks */,
				84F23BDB1A466CED0084F122 /* Resources */,
			);
			buildRules = (
			);
			dependencies = (
			);
			name = FunWordKeyboard;
			productName = FunWordKeyboard;
			productReference = 84F23BDD1A466CED0084F122 /* FunWordKeyboard.appex */;
			productType = "com.apple.product-type.app-extension";
		};
/* End PBXNativeTarget section */

/* Begin PBXProject section */
		84F23BA81A466CC90084F122 /* Project object */ = {
			isa = PBXProject;
			attributes = {
				LastUpgradeCheck = 0610;
				ORGANIZATIONNAME = funword;
				TargetAttributes = {
					84F23BAF1A466CC90084F122 = {
						CreatedOnToolsVersion = 6.1.1;
						DevelopmentTeam = 3R4K7E9589;
					};
					84F23BC81A466CC90084F122 = {
						CreatedOnToolsVersion = 6.1.1;
						TestTargetID = 84F23BAF1A466CC90084F122;
					};
					84F23BDC1A466CED0084F122 = {
						CreatedOnToolsVersion = 6.1.1;
						DevelopmentTeam = 3R4K7E9589;
					};
				};
			};
			buildConfigurationList = 84F23BAB1A466CC90084F122 /* Build configuration list for PBXProject "FunWord" */;
			compatibilityVersion = "Xcode 3.2";
			developmentRegion = English;
			hasScannedForEncodings = 0;
			knownRegions = (
				en,
				Base,
				"zh-Hans",
			);
			mainGroup = 84F23BA71A466CC90084F122;
			productRefGroup = 84F23BB11A466CC90084F122 /* Products */;
			projectDirPath = "";
			projectRoot = "";
			targets = (
				84F23BAF1A466CC90084F122 /* FunWord */,
				84F23BC81A466CC90084F122 /* FunWordTests */,
				84F23BDC1A466CED0084F122 /* FunWordKeyboard */,
			);
		};
/* End PBXProject section */

/* Begin PBXResourcesBuildPhase section */
		84F23BAE1A466CC90084F122 /* Resources */ = {
			isa = PBXResourcesBuildPhase;
			buildActionMask = 2147483647;
			files = (
				9C0FC1771A6D64B800D1BC15 /* topbar_bt_user@2x.png in Resources */,
				84F23BC41A466CC90084F122 /* LaunchScreen.xib in Resources */,
				9C0FC1691A6D407900D1BC15 /* ranking_off@2x.png in Resources */,
				9C0FC1B71A6E358200D1BC15 /* text_bt_bg2@2x.png in Resources */,
				9C0FC1A21A6E003400D1BC15 /* bt_popular_on@2x.png in Resources */,
				9C0FC1CC1A6E509900D1BC15 /* bt_love_on@2x.png in Resources */,
				9C0FC1D81A6E574800D1BC15 /* text_bg2@2x.png in Resources */,
				9C0FC1B61A6E358200D1BC15 /* text_bt_bg1@2x.png in Resources */,
				9C0FC1D31A6E553000D1BC15 /* bt2_emotion_off@2x.png in Resources */,
				9C0FC1801A6D68D200D1BC15 /* topbar_bt_back@2x.png in Resources */,
				9C0FC1A11A6E003400D1BC15 /* bt_popular_off@2x.png in Resources */,
				84F23BC11A466CC90084F122 /* Images.xcassets in Resources */,
				9C0FC1671A6D407900D1BC15 /* love_off@2x.png in Resources */,
				9C0FC1D21A6E553000D1BC15 /* bt1_text_on@2x.png in Resources */,
				9C0FC1A01A6E003400D1BC15 /* bt_new_on@2x.png in Resources */,
				9C0FC1661A6D407900D1BC15 /* edit_on@2x.png in Resources */,
				9C0FC1C81A6E4D8900D1BC15 /* text_bg@2x.png in Resources */,
				9C0FC1A61A6E084500D1BC15 /* emotion_bg1@2x.png in Resources */,
				9C0FC1AA1A6E297500D1BC15 /* word_bg@2x.png in Resources */,
				9C0FC1D41A6E553000D1BC15 /* bt2_emotion_on@2x.png in Resources */,
				9C0FC16E1A6D495900D1BC15 /* topbar_bg@2x.png in Resources */,
				9C0FC1921A6DFBFB00D1BC15 /* ranking_bt_bg@2x.png in Resources */,
				9C0FC18F1A6DF8FB00D1BC15 /* bt_emotion@2x.png in Resources */,
				9C0FC1681A6D407900D1BC15 /* love_on@2x.png in Resources */,
				9C0FC16C1A6D422F00D1BC15 /* actionbar_bg@2x.png in Resources */,
				9C0FC1D11A6E553000D1BC15 /* bt1_text_off@2x.png in Resources */,
				9C0FC1851A6D6AC300D1BC15 /* bg_pattern@2x.jpg in Resources */,
				9C4247F71A6ECABF004A5D48 /* user_bg@2x.png in Resources */,
				9C0FC1A81A6E10B000D1BC15 /* icon@2x.png in Resources */,
				9C0FC1A41A6E047300D1BC15 /* emotion_bt_bg@2x.png in Resources */,
				9C0FC1651A6D407900D1BC15 /* edit_off@2x.png in Resources */,
				9C0FC1CB1A6E509900D1BC15 /* bt_love_off@2x.png in Resources */,
				9C0FC1941A6DFC4800D1BC15 /* rose_line@2x.png in Resources */,
				9C0FC19F1A6E003400D1BC15 /* bt_new_off@2x.png in Resources */,
				9C0FC16A1A6D407900D1BC15 /* ranking_on@2x.png in Resources */,
				9C0FC1901A6DF8FB00D1BC15 /* bt_text@2x.png in Resources */,
				9C0FC1AD1A6E30E400D1BC15 /* s2g.ttf in Resources */,
				9C0FC1D61A6E568100D1BC15 /* bt_bg@2x.png in Resources */,
			);
			runOnlyForDeploymentPostprocessing = 0;
		};
		84F23BC71A466CC90084F122 /* Resources */ = {
			isa = PBXResourcesBuildPhase;
			buildActionMask = 2147483647;
			files = (
			);
			runOnlyForDeploymentPostprocessing = 0;
		};
		84F23BDB1A466CED0084F122 /* Resources */ = {
			isa = PBXResourcesBuildPhase;
			buildActionMask = 2147483647;
			files = (
			);
			runOnlyForDeploymentPostprocessing = 0;
		};
/* End PBXResourcesBuildPhase section */

/* Begin PBXShellScriptBuildPhase section */
		4BB6739D31C6A831DE721F71 /* Check Pods Manifest.lock */ = {
			isa = PBXShellScriptBuildPhase;
			buildActionMask = 2147483647;
			files = (
			);
			inputPaths = (
			);
			name = "Check Pods Manifest.lock";
			outputPaths = (
			);
			runOnlyForDeploymentPostprocessing = 0;
			shellPath = /bin/sh;
			shellScript = "diff \"${PODS_ROOT}/../Podfile.lock\" \"${PODS_ROOT}/Manifest.lock\" > /dev/null\nif [[ $? != 0 ]] ; then\n    cat << EOM\nerror: The sandbox is not in sync with the Podfile.lock. Run 'pod install' or update your CocoaPods installation.\nEOM\n    exit 1\nfi\n";
			showEnvVarsInLog = 0;
		};
		B4A042E5D9CC20E51668361D /* Copy Pods Resources */ = {
			isa = PBXShellScriptBuildPhase;
			buildActionMask = 2147483647;
			files = (
			);
			inputPaths = (
			);
			name = "Copy Pods Resources";
			outputPaths = (
			);
			runOnlyForDeploymentPostprocessing = 0;
			shellPath = /bin/sh;
			shellScript = "\"${SRCROOT}/Pods/Target Support Files/Pods-FunWord/Pods-FunWord-resources.sh\"\n";
			showEnvVarsInLog = 0;
		};
/* End PBXShellScriptBuildPhase section */

/* Begin PBXSourcesBuildPhase section */
		84F23BAC1A466CC90084F122 /* Sources */ = {
			isa = PBXSourcesBuildPhase;
			buildActionMask = 2147483647;
			files = (
				9C0FC1971A6DFCCF00D1BC15 /* EmotionViewController.m in Sources */,
				9C0FC1751A6D626600D1BC15 /* GCNavigationViewController.m in Sources */,
				9C0FC18C1A6DF52800D1BC15 /* BaseModel.m in Sources */,
				9C0FC1C01A6E422E00D1BC15 /* WordModel.m in Sources */,
				84F23BB91A466CC90084F122 /* AppDelegate.m in Sources */,
				9C0FC1C61A6E4BEE00D1BC15 /* WordCell.m in Sources */,
				9C0FC17E1A6D658200D1BC15 /* UIViewController+GCloud.m in Sources */,
				9C0FC1721A6D4F4B00D1BC15 /* GCTabbarItem.m in Sources */,
				9C0FC1BD1A6E3A3B00D1BC15 /* WordCagatoryViewController.m in Sources */,
				9C0FC1581A6D3F4B00D1BC15 /* RankingViewController.m in Sources */,
				9C0FC15E1A6D3F6500D1BC15 /* EditViewController.m in Sources */,
				9C0FC1B01A6E328600D1BC15 /* WordCatagoryCell.m in Sources */,
				9C0FC1831A6D693900D1BC15 /* WordViewController.m in Sources */,
				9C0FC1541A6D3E8800D1BC15 /* RootViewController.m in Sources */,
				9C0FC15B1A6D3F5B00D1BC15 /* LoveViewController.m in Sources */,
				9C0FC1881A6D6BB700D1BC15 /* HttpClient.m in Sources */,
				9C0FC1C31A6E4A3D00D1BC15 /* WordTableView.m in Sources */,
				9C0FC1BA1A6E373100D1BC15 /* WordCatagoryHeadCell.m in Sources */,
				9C0FC1B31A6E32D900D1BC15 /* CatagoryModel.m in Sources */,
				9C0FC19A1A6DFE6900D1BC15 /* FunWorkSegmentView.m in Sources */,
				84F23BB61A466CC90084F122 /* main.m in Sources */,
				9C0FC1DB1A6E7E7C00D1BC15 /* EmotionCatagoryCell.m in Sources */,
			);
			runOnlyForDeploymentPostprocessing = 0;
		};
		84F23BC51A466CC90084F122 /* Sources */ = {
			isa = PBXSourcesBuildPhase;
			buildActionMask = 2147483647;
			files = (
				84F23BD01A466CC90084F122 /* FunWordTests.m in Sources */,
			);
			runOnlyForDeploymentPostprocessing = 0;
		};
		84F23BD91A466CED0084F122 /* Sources */ = {
			isa = PBXSourcesBuildPhase;
			buildActionMask = 2147483647;
			files = (
				84F23BE31A466CED0084F122 /* KeyboardViewController.m in Sources */,
			);
			runOnlyForDeploymentPostprocessing = 0;
		};
/* End PBXSourcesBuildPhase section */

/* Begin PBXTargetDependency section */
		84F23BCB1A466CC90084F122 /* PBXTargetDependency */ = {
			isa = PBXTargetDependency;
			target = 84F23BAF1A466CC90084F122 /* FunWord */;
			targetProxy = 84F23BCA1A466CC90084F122 /* PBXContainerItemProxy */;
		};
		84F23BE51A466CED0084F122 /* PBXTargetDependency */ = {
			isa = PBXTargetDependency;
			target = 84F23BDC1A466CED0084F122 /* FunWordKeyboard */;
			targetProxy = 84F23BE41A466CED0084F122 /* PBXContainerItemProxy */;
		};
/* End PBXTargetDependency section */

/* Begin PBXVariantGroup section */
		84F23BC21A466CC90084F122 /* LaunchScreen.xib */ = {
			isa = PBXVariantGroup;
			children = (
				84F23BC31A466CC90084F122 /* Base */,
			);
			name = LaunchScreen.xib;
			sourceTree = "<group>";
		};
/* End PBXVariantGroup section */

/* Begin XCBuildConfiguration section */
		84F23BD11A466CC90084F122 /* Debug */ = {
			isa = XCBuildConfiguration;
			buildSettings = {
				ALWAYS_SEARCH_USER_PATHS = NO;
				CLANG_CXX_LANGUAGE_STANDARD = "gnu++0x";
				CLANG_CXX_LIBRARY = "libc++";
				CLANG_ENABLE_MODULES = YES;
				CLANG_ENABLE_OBJC_ARC = YES;
				CLANG_WARN_BOOL_CONVERSION = YES;
				CLANG_WARN_CONSTANT_CONVERSION = YES;
				CLANG_WARN_DIRECT_OBJC_ISA_USAGE = YES_ERROR;
				CLANG_WARN_EMPTY_BODY = YES;
				CLANG_WARN_ENUM_CONVERSION = YES;
				CLANG_WARN_INT_CONVERSION = YES;
				CLANG_WARN_OBJC_ROOT_CLASS = YES_ERROR;
				CLANG_WARN_UNREACHABLE_CODE = YES;
				CLANG_WARN__DUPLICATE_METHOD_MATCH = YES;
				"CODE_SIGN_IDENTITY[sdk=iphoneos*]" = "iPhone Developer";
				COPY_PHASE_STRIP = NO;
				ENABLE_STRICT_OBJC_MSGSEND = YES;
				GCC_C_LANGUAGE_STANDARD = gnu99;
				GCC_DYNAMIC_NO_PIC = NO;
				GCC_OPTIMIZATION_LEVEL = 0;
				GCC_PREPROCESSOR_DEFINITIONS = (
					"DEBUG=1",
					"$(inherited)",
				);
				GCC_SYMBOLS_PRIVATE_EXTERN = NO;
				GCC_WARN_64_TO_32_BIT_CONVERSION = YES;
				GCC_WARN_ABOUT_RETURN_TYPE = YES_ERROR;
				GCC_WARN_UNDECLARED_SELECTOR = YES;
				GCC_WARN_UNINITIALIZED_AUTOS = YES_AGGRESSIVE;
				GCC_WARN_UNUSED_FUNCTION = YES;
				GCC_WARN_UNUSED_VARIABLE = YES;
				IPHONEOS_DEPLOYMENT_TARGET = 8.1;
				MTL_ENABLE_DEBUG_INFO = YES;
				ONLY_ACTIVE_ARCH = YES;
				SDKROOT = iphoneos;
			};
			name = Debug;
		};
		84F23BD21A466CC90084F122 /* Release */ = {
			isa = XCBuildConfiguration;
			buildSettings = {
				ALWAYS_SEARCH_USER_PATHS = NO;
				CLANG_CXX_LANGUAGE_STANDARD = "gnu++0x";
				CLANG_CXX_LIBRARY = "libc++";
				CLANG_ENABLE_MODULES = YES;
				CLANG_ENABLE_OBJC_ARC = YES;
				CLANG_WARN_BOOL_CONVERSION = YES;
				CLANG_WARN_CONSTANT_CONVERSION = YES;
				CLANG_WARN_DIRECT_OBJC_ISA_USAGE = YES_ERROR;
				CLANG_WARN_EMPTY_BODY = YES;
				CLANG_WARN_ENUM_CONVERSION = YES;
				CLANG_WARN_INT_CONVERSION = YES;
				CLANG_WARN_OBJC_ROOT_CLASS = YES_ERROR;
				CLANG_WARN_UNREACHABLE_CODE = YES;
				CLANG_WARN__DUPLICATE_METHOD_MATCH = YES;
				"CODE_SIGN_IDENTITY[sdk=iphoneos*]" = "iPhone Developer";
				COPY_PHASE_STRIP = YES;
				ENABLE_NS_ASSERTIONS = NO;
				ENABLE_STRICT_OBJC_MSGSEND = YES;
				GCC_C_LANGUAGE_STANDARD = gnu99;
				GCC_WARN_64_TO_32_BIT_CONVERSION = YES;
				GCC_WARN_ABOUT_RETURN_TYPE = YES_ERROR;
				GCC_WARN_UNDECLARED_SELECTOR = YES;
				GCC_WARN_UNINITIALIZED_AUTOS = YES_AGGRESSIVE;
				GCC_WARN_UNUSED_FUNCTION = YES;
				GCC_WARN_UNUSED_VARIABLE = YES;
				IPHONEOS_DEPLOYMENT_TARGET = 8.1;
				MTL_ENABLE_DEBUG_INFO = NO;
				SDKROOT = iphoneos;
				VALIDATE_PRODUCT = YES;
			};
			name = Release;
		};
		84F23BD41A466CC90084F122 /* Debug */ = {
			isa = XCBuildConfiguration;
			baseConfigurationReference = 60B180F0B3BCB450C6EED938 /* Pods-FunWord.debug.xcconfig */;
			buildSettings = {
				ASSETCATALOG_COMPILER_APPICON_NAME = AppIcon;
				CODE_SIGN_IDENTITY = "iPhone Developer";
				FRAMEWORK_SEARCH_PATHS = "$(inherited)";
				GCC_PREFIX_HEADER = "FunWord/FunWord-Prefix.pch";
				INFOPLIST_FILE = FunWord/Info.plist;
				IPHONEOS_DEPLOYMENT_TARGET = 8.0;
				LD_RUNPATH_SEARCH_PATHS = "$(inherited) @executable_path/Frameworks";
				LIBRARY_SEARCH_PATHS = "$(inherited)";
				ONLY_ACTIVE_ARCH = NO;
				PRODUCT_NAME = "$(TARGET_NAME)";
				PROVISIONING_PROFILE = "";
				VALID_ARCHS = "armv7 armv7s";
			};
			name = Debug;
		};
		84F23BD51A466CC90084F122 /* Release */ = {
			isa = XCBuildConfiguration;
			baseConfigurationReference = 201D0E9A244D85177962D227 /* Pods-FunWord.release.xcconfig */;
			buildSettings = {
				ASSETCATALOG_COMPILER_APPICON_NAME = AppIcon;
				CODE_SIGN_IDENTITY = "iPhone Distribution: lu ye (3R4K7E9589)";
				FRAMEWORK_SEARCH_PATHS = "$(inherited)";
				GCC_PREFIX_HEADER = "FunWord/FunWord-Prefix.pch";
				INFOPLIST_FILE = FunWord/Info.plist;
				IPHONEOS_DEPLOYMENT_TARGET = 8.0;
				LD_RUNPATH_SEARCH_PATHS = "$(inherited) @executable_path/Frameworks";
				LIBRARY_SEARCH_PATHS = "$(inherited)";
				ONLY_ACTIVE_ARCH = YES;
				PRODUCT_NAME = "$(TARGET_NAME)";
				PROVISIONING_PROFILE = "";
				VALID_ARCHS = "armv7 armv7s";
			};
			name = Release;
		};
		84F23BD71A466CC90084F122 /* Debug */ = {
			isa = XCBuildConfiguration;
			buildSettings = {
				BUNDLE_LOADER = "$(TEST_HOST)";
				FRAMEWORK_SEARCH_PATHS = (
					"$(SDKROOT)/Developer/Library/Frameworks",
					"$(inherited)",
				);
				GCC_PREPROCESSOR_DEFINITIONS = (
					"DEBUG=1",
					"$(inherited)",
				);
				INFOPLIST_FILE = FunWordTests/Info.plist;
				LD_RUNPATH_SEARCH_PATHS = "$(inherited) @executable_path/Frameworks @loader_path/Frameworks";
				PRODUCT_NAME = "$(TARGET_NAME)";
				TEST_HOST = "$(BUILT_PRODUCTS_DIR)/FunWord.app/FunWord";
			};
			name = Debug;
		};
		84F23BD81A466CC90084F122 /* Release */ = {
			isa = XCBuildConfiguration;
			buildSettings = {
				BUNDLE_LOADER = "$(TEST_HOST)";
				FRAMEWORK_SEARCH_PATHS = (
					"$(SDKROOT)/Developer/Library/Frameworks",
					"$(inherited)",
				);
				INFOPLIST_FILE = FunWordTests/Info.plist;
				LD_RUNPATH_SEARCH_PATHS = "$(inherited) @executable_path/Frameworks @loader_path/Frameworks";
				PRODUCT_NAME = "$(TARGET_NAME)";
				TEST_HOST = "$(BUILT_PRODUCTS_DIR)/FunWord.app/FunWord";
			};
			name = Release;
		};
		84F23BE81A466CED0084F122 /* Debug */ = {
			isa = XCBuildConfiguration;
			buildSettings = {
				CODE_SIGN_IDENTITY = "iPhone Developer";
				"CODE_SIGN_IDENTITY[sdk=iphoneos*]" = "iPhone Developer";
				GCC_PREPROCESSOR_DEFINITIONS = (
					"DEBUG=1",
					"$(inherited)",
				);
				INFOPLIST_FILE = FunWordKeyboard/Info.plist;
				IPHONEOS_DEPLOYMENT_TARGET = 8.0;
				LD_RUNPATH_SEARCH_PATHS = "$(inherited) @executable_path/Frameworks @executable_path/../../Frameworks";
				PRODUCT_NAME = "$(TARGET_NAME)";
				PROVISIONING_PROFILE = "";
				SKIP_INSTALL = YES;
			};
			name = Debug;
		};
		84F23BE91A466CED0084F122 /* Release */ = {
			isa = XCBuildConfiguration;
			buildSettings = {
				CODE_SIGN_IDENTITY = "iPhone Developer";
				"CODE_SIGN_IDENTITY[sdk=iphoneos*]" = "iPhone Developer";
				INFOPLIST_FILE = FunWordKeyboard/Info.plist;
				IPHONEOS_DEPLOYMENT_TARGET = 8.0;
				LD_RUNPATH_SEARCH_PATHS = "$(inherited) @executable_path/Frameworks @executable_path/../../Frameworks";
				PRODUCT_NAME = "$(TARGET_NAME)";
				PROVISIONING_PROFILE = "";
				SKIP_INSTALL = YES;
			};
			name = Release;
		};
		9C0FC1DC1A6EA19000D1BC15 /* ad hoc distribution */ = {
			isa = XCBuildConfiguration;
			buildSettings = {
				ALWAYS_SEARCH_USER_PATHS = NO;
				CLANG_CXX_LANGUAGE_STANDARD = "gnu++0x";
				CLANG_CXX_LIBRARY = "libc++";
				CLANG_ENABLE_MODULES = YES;
				CLANG_ENABLE_OBJC_ARC = YES;
				CLANG_WARN_BOOL_CONVERSION = YES;
				CLANG_WARN_CONSTANT_CONVERSION = YES;
				CLANG_WARN_DIRECT_OBJC_ISA_USAGE = YES_ERROR;
				CLANG_WARN_EMPTY_BODY = YES;
				CLANG_WARN_ENUM_CONVERSION = YES;
				CLANG_WARN_INT_CONVERSION = YES;
				CLANG_WARN_OBJC_ROOT_CLASS = YES_ERROR;
				CLANG_WARN_UNREACHABLE_CODE = YES;
				CLANG_WARN__DUPLICATE_METHOD_MATCH = YES;
				CODE_SIGN_IDENTITY = "iPhone Distribution: lu ye (3R4K7E9589)";
				"CODE_SIGN_IDENTITY[sdk=iphoneos*]" = "iPhone Distribution: lu ye (3R4K7E9589)";
				COPY_PHASE_STRIP = YES;
				ENABLE_NS_ASSERTIONS = NO;
				ENABLE_STRICT_OBJC_MSGSEND = YES;
				GCC_C_LANGUAGE_STANDARD = gnu99;
				GCC_WARN_64_TO_32_BIT_CONVERSION = YES;
				GCC_WARN_ABOUT_RETURN_TYPE = YES_ERROR;
				GCC_WARN_UNDECLARED_SELECTOR = YES;
				GCC_WARN_UNINITIALIZED_AUTOS = YES_AGGRESSIVE;
				GCC_WARN_UNUSED_FUNCTION = YES;
				GCC_WARN_UNUSED_VARIABLE = YES;
				IPHONEOS_DEPLOYMENT_TARGET = 8.1;
				MTL_ENABLE_DEBUG_INFO = NO;
				SDKROOT = iphoneos;
				VALIDATE_PRODUCT = YES;
			};
			name = "ad hoc distribution";
		};
		9C0FC1DD1A6EA19000D1BC15 /* ad hoc distribution */ = {
			isa = XCBuildConfiguration;
			baseConfigurationReference = 201D0E9A244D85177962D227 /* Pods-FunWord.release.xcconfig */;
			buildSettings = {
				ASSETCATALOG_COMPILER_APPICON_NAME = AppIcon;
				CODE_SIGN_IDENTITY = "iPhone Distribution: lu ye (3R4K7E9589)";
				FRAMEWORK_SEARCH_PATHS = "$(inherited)";
				GCC_PREFIX_HEADER = "FunWord/FunWord-Prefix.pch";
				INFOPLIST_FILE = FunWord/Info.plist;
				IPHONEOS_DEPLOYMENT_TARGET = 8.0;
				LD_RUNPATH_SEARCH_PATHS = "$(inherited) @executable_path/Frameworks";
				LIBRARY_SEARCH_PATHS = "$(inherited)";
				PRODUCT_NAME = "$(TARGET_NAME)";
				PROVISIONING_PROFILE = "";
				VALID_ARCHS = "armv7 armv7s";
			};
			name = "ad hoc distribution";
		};
		9C0FC1DE1A6EA19000D1BC15 /* ad hoc distribution */ = {
			isa = XCBuildConfiguration;
			buildSettings = {
				BUNDLE_LOADER = "$(TEST_HOST)";
				FRAMEWORK_SEARCH_PATHS = (
					"$(SDKROOT)/Developer/Library/Frameworks",
					"$(inherited)",
				);
				INFOPLIST_FILE = FunWordTests/Info.plist;
				LD_RUNPATH_SEARCH_PATHS = "$(inherited) @executable_path/Frameworks @loader_path/Frameworks";
				PRODUCT_NAME = "$(TARGET_NAME)";
				TEST_HOST = "$(BUILT_PRODUCTS_DIR)/FunWord.app/FunWord";
			};
			name = "ad hoc distribution";
		};
		9C0FC1DF1A6EA19000D1BC15 /* ad hoc distribution */ = {
			isa = XCBuildConfiguration;
			buildSettings = {
				CODE_SIGN_IDENTITY = "iPhone Developer";
				"CODE_SIGN_IDENTITY[sdk=iphoneos*]" = "iPhone Developer";
				INFOPLIST_FILE = FunWordKeyboard/Info.plist;
				IPHONEOS_DEPLOYMENT_TARGET = 8.0;
				LD_RUNPATH_SEARCH_PATHS = "$(inherited) @executable_path/Frameworks @executable_path/../../Frameworks";
				PRODUCT_NAME = "$(TARGET_NAME)";
				PROVISIONING_PROFILE = "";
				SKIP_INSTALL = YES;
			};
			name = "ad hoc distribution";
		};
/* End XCBuildConfiguration section */

/* Begin XCConfigurationList section */
		84F23BAB1A466CC90084F122 /* Build configuration list for PBXProject "FunWord" */ = {
			isa = XCConfigurationList;
			buildConfigurations = (
				84F23BD11A466CC90084F122 /* Debug */,
				84F23BD21A466CC90084F122 /* Release */,
				9C0FC1DC1A6EA19000D1BC15 /* ad hoc distribution */,
			);
			defaultConfigurationIsVisible = 0;
			defaultConfigurationName = Release;
		};
		84F23BD31A466CC90084F122 /* Build configuration list for PBXNativeTarget "FunWord" */ = {
			isa = XCConfigurationList;
			buildConfigurations = (
				84F23BD41A466CC90084F122 /* Debug */,
				84F23BD51A466CC90084F122 /* Release */,
				9C0FC1DD1A6EA19000D1BC15 /* ad hoc distribution */,
			);
			defaultConfigurationIsVisible = 0;
			defaultConfigurationName = Release;
		};
		84F23BD61A466CC90084F122 /* Build configuration list for PBXNativeTarget "FunWordTests" */ = {
			isa = XCConfigurationList;
			buildConfigurations = (
				84F23BD71A466CC90084F122 /* Debug */,
				84F23BD81A466CC90084F122 /* Release */,
				9C0FC1DE1A6EA19000D1BC15 /* ad hoc distribution */,
			);
			defaultConfigurationIsVisible = 0;
			defaultConfigurationName = Release;
		};
		84F23BE71A466CED0084F122 /* Build configuration list for PBXNativeTarget "FunWordKeyboard" */ = {
			isa = XCConfigurationList;
			buildConfigurations = (
				84F23BE81A466CED0084F122 /* Debug */,
				84F23BE91A466CED0084F122 /* Release */,
				9C0FC1DF1A6EA19000D1BC15 /* ad hoc distribution */,
			);
			defaultConfigurationIsVisible = 0;
			defaultConfigurationName = Release;
		};
/* End XCConfigurationList section */
	};
	rootObject = 84F23BA81A466CC90084F122 /* Project object */;
}
