// !$*UTF8*$!
{
	archiveVersion = 1;
	classes = {
	};
	objectVersion = 46;
	objects = {

/* Begin PBXBuildFile section */
		25522B26EA6AEC6F4A05FAA4 /* libPods-FunWord.a in Frameworks */ = {isa = PBXBuildFile; fileRef = A64BDF7003DDBCB686607B71 /* libPods-FunWord.a */; };
		840136CA1A5300DE00CD5635 /* libz.1.dylib in Frameworks */ = {isa = PBXBuildFile; fileRef = 840136C91A5300DE00CD5635 /* libz.1.dylib */; };
		840136CE1A5301B600CD5635 /* FWFirstVC.m in Sources */ = {isa = PBXBuildFile; fileRef = 840136CD1A5301B600CD5635 /* FWFirstVC.m */; };
		840136D11A5301D300CD5635 /* FWSecondVC.m in Sources */ = {isa = PBXBuildFile; fileRef = 840136D01A5301D300CD5635 /* FWSecondVC.m */; };
		840136D41A5301E400CD5635 /* FWThirdVC.m in Sources */ = {isa = PBXBuildFile; fileRef = 840136D31A5301E400CD5635 /* FWThirdVC.m */; };
		840136D71A53021900CD5635 /* FWFouthVC.m in Sources */ = {isa = PBXBuildFile; fileRef = 840136D61A53021900CD5635 /* FWFouthVC.m */; };
		840136DB1A53037700CD5635 /* FirstN@2x.png in Resources */ = {isa = PBXBuildFile; fileRef = 840136D91A53037700CD5635 /* FirstN@2x.png */; };
		840136DC1A53037700CD5635 /* FirstS@2x.png in Resources */ = {isa = PBXBuildFile; fileRef = 840136DA1A53037700CD5635 /* FirstS@2x.png */; };
		84F23BB61A466CC90084F122 /* main.m in Sources */ = {isa = PBXBuildFile; fileRef = 84F23BB51A466CC90084F122 /* main.m */; };
		84F23BB91A466CC90084F122 /* AppDelegate.m in Sources */ = {isa = PBXBuildFile; fileRef = 84F23BB81A466CC90084F122 /* AppDelegate.m */; };
		84F23BC11A466CC90084F122 /* Images.xcassets in Resources */ = {isa = PBXBuildFile; fileRef = 84F23BC01A466CC90084F122 /* Images.xcassets */; };
		84F23BC41A466CC90084F122 /* LaunchScreen.xib in Resources */ = {isa = PBXBuildFile; fileRef = 84F23BC21A466CC90084F122 /* LaunchScreen.xib */; };
		84F23BD01A466CC90084F122 /* FunWordTests.m in Sources */ = {isa = PBXBuildFile; fileRef = 84F23BCF1A466CC90084F122 /* FunWordTests.m */; };
		84F23BE31A466CED0084F122 /* KeyboardViewController.m in Sources */ = {isa = PBXBuildFile; fileRef = 84F23BE21A466CED0084F122 /* KeyboardViewController.m */; };
		84F23BE61A466CED0084F122 /* FunWordKeyboard.appex in Embed App Extensions */ = {isa = PBXBuildFile; fileRef = 84F23BDD1A466CED0084F122 /* FunWordKeyboard.appex */; settings = {ATTRIBUTES = (RemoveHeadersOnCopy, ); }; };
/* End PBXBuildFile section */

/* Begin PBXContainerItemProxy section */
		84F23BCA1A466CC90084F122 /* PBXContainerItemProxy */ = {
			isa = PBXContainerItemProxy;
			containerPortal = 84F23BA81A466CC90084F122 /* Project object */;
			proxyType = 1;
			remoteGlobalIDString = 84F23BAF1A466CC90084F122;
			remoteInfo = FunWord;
		};
		84F23BE41A466CED0084F122 /* PBXContainerItemProxy */ = {
			isa = PBXContainerItemProxy;
			containerPortal = 84F23BA81A466CC90084F122 /* Project object */;
			proxyType = 1;
			remoteGlobalIDString = 84F23BDC1A466CED0084F122;
			remoteInfo = FunWordKeyboard;
		};
/* End PBXContainerItemProxy section */

/* Begin PBXCopyFilesBuildPhase section */
		84F23BEA1A466CED0084F122 /* Embed App Extensions */ = {
			isa = PBXCopyFilesBuildPhase;
			buildActionMask = 2147483647;
			dstPath = "";
			dstSubfolderSpec = 13;
			files = (
				84F23BE61A466CED0084F122 /* FunWordKeyboard.appex in Embed App Extensions */,
			);
			name = "Embed App Extensions";
			runOnlyForDeploymentPostprocessing = 0;
		};
/* End PBXCopyFilesBuildPhase section */

/* Begin PBXFileReference section */
		201D0E9A244D85177962D227 /* Pods-FunWord.release.xcconfig */ = {isa = PBXFileReference; includeInIndex = 1; lastKnownFileType = text.xcconfig; name = "Pods-FunWord.release.xcconfig"; path = "Pods/Target Support Files/Pods-FunWord/Pods-FunWord.release.xcconfig"; sourceTree = "<group>"; };
		60B180F0B3BCB450C6EED938 /* Pods-FunWord.debug.xcconfig */ = {isa = PBXFileReference; includeInIndex = 1; lastKnownFileType = text.xcconfig; name = "Pods-FunWord.debug.xcconfig"; path = "Pods/Target Support Files/Pods-FunWord/Pods-FunWord.debug.xcconfig"; sourceTree = "<group>"; };
		840136C81A52FFBD00CD5635 /* FunWord-Prefix.pch */ = {isa = PBXFileReference; fileEncoding = 4; lastKnownFileType = sourcecode.c.h; path = "FunWord-Prefix.pch"; sourceTree = "<group>"; };
		840136C91A5300DE00CD5635 /* libz.1.dylib */ = {isa = PBXFileReference; lastKnownFileType = "compiled.mach-o.dylib"; name = libz.1.dylib; path = usr/lib/libz.1.dylib; sourceTree = SDKROOT; };
		840136CC1A5301B600CD5635 /* FWFirstVC.h */ = {isa = PBXFileReference; fileEncoding = 4; lastKnownFileType = sourcecode.c.h; path = FWFirstVC.h; sourceTree = "<group>"; };
		840136CD1A5301B600CD5635 /* FWFirstVC.m */ = {isa = PBXFileReference; fileEncoding = 4; lastKnownFileType = sourcecode.c.objc; path = FWFirstVC.m; sourceTree = "<group>"; };
		840136CF1A5301D300CD5635 /* FWSecondVC.h */ = {isa = PBXFileReference; fileEncoding = 4; lastKnownFileType = sourcecode.c.h; path = FWSecondVC.h; sourceTree = "<group>"; };
		840136D01A5301D300CD5635 /* FWSecondVC.m */ = {isa = PBXFileReference; fileEncoding = 4; lastKnownFileType = sourcecode.c.objc; path = FWSecondVC.m; sourceTree = "<group>"; };
		840136D21A5301E400CD5635 /* FWThirdVC.h */ = {isa = PBXFileReference; fileEncoding = 4; lastKnownFileType = sourcecode.c.h; path = FWThirdVC.h; sourceTree = "<group>"; };
		840136D31A5301E400CD5635 /* FWThirdVC.m */ = {isa = PBXFileReference; fileEncoding = 4; lastKnownFileType = sourcecode.c.objc; path = FWThirdVC.m; sourceTree = "<group>"; };
		840136D51A53021900CD5635 /* FWFouthVC.h */ = {isa = PBXFileReference; fileEncoding = 4; lastKnownFileType = sourcecode.c.h; path = FWFouthVC.h; sourceTree = "<group>"; };
		840136D61A53021900CD5635 /* FWFouthVC.m */ = {isa = PBXFileReference; fileEncoding = 4; lastKnownFileType = sourcecode.c.objc; path = FWFouthVC.m; sourceTree = "<group>"; };
		840136D91A53037700CD5635 /* FirstN@2x.png */ = {isa = PBXFileReference; lastKnownFileType = image.png; path = "FirstN@2x.png"; sourceTree = "<group>"; };
		840136DA1A53037700CD5635 /* FirstS@2x.png */ = {isa = PBXFileReference; lastKnownFileType = image.png; path = "FirstS@2x.png"; sourceTree = "<group>"; };
		84F23BB01A466CC90084F122 /* FunWord.app */ = {isa = PBXFileReference; explicitFileType = wrapper.application; includeInIndex = 0; path = FunWord.app; sourceTree = BUILT_PRODUCTS_DIR; };
		84F23BB41A466CC90084F122 /* Info.plist */ = {isa = PBXFileReference; lastKnownFileType = text.plist.xml; path = Info.plist; sourceTree = "<group>"; };
		84F23BB51A466CC90084F122 /* main.m */ = {isa = PBXFileReference; lastKnownFileType = sourcecode.c.objc; path = main.m; sourceTree = "<group>"; };
		84F23BB71A466CC90084F122 /* AppDelegate.h */ = {isa = PBXFileReference; lastKnownFileType = sourcecode.c.h; path = AppDelegate.h; sourceTree = "<group>"; };
		84F23BB81A466CC90084F122 /* AppDelegate.m */ = {isa = PBXFileReference; lastKnownFileType = sourcecode.c.objc; path = AppDelegate.m; sourceTree = "<group>"; };
		84F23BC01A466CC90084F122 /* Images.xcassets */ = {isa = PBXFileReference; lastKnownFileType = folder.assetcatalog; path = Images.xcassets; sourceTree = "<group>"; };
		84F23BC31A466CC90084F122 /* Base */ = {isa = PBXFileReference; lastKnownFileType = file.xib; name = Base; path = Base.lproj/LaunchScreen.xib; sourceTree = "<group>"; };
		84F23BC91A466CC90084F122 /* FunWordTests.xctest */ = {isa = PBXFileReference; explicitFileType = wrapper.cfbundle; includeInIndex = 0; path = FunWordTests.xctest; sourceTree = BUILT_PRODUCTS_DIR; };
		84F23BCE1A466CC90084F122 /* Info.plist */ = {isa = PBXFileReference; lastKnownFileType = text.plist.xml; path = Info.plist; sourceTree = "<group>"; };
		84F23BCF1A466CC90084F122 /* FunWordTests.m */ = {isa = PBXFileReference; lastKnownFileType = sourcecode.c.objc; path = FunWordTests.m; sourceTree = "<group>"; };
		84F23BDD1A466CED0084F122 /* FunWordKeyboard.appex */ = {isa = PBXFileReference; explicitFileType = "wrapper.app-extension"; includeInIndex = 0; path = FunWordKeyboard.appex; sourceTree = BUILT_PRODUCTS_DIR; };
		84F23BE01A466CED0084F122 /* Info.plist */ = {isa = PBXFileReference; lastKnownFileType = text.plist.xml; path = Info.plist; sourceTree = "<group>"; };
		84F23BE11A466CED0084F122 /* KeyboardViewController.h */ = {isa = PBXFileReference; lastKnownFileType = sourcecode.c.h; path = KeyboardViewController.h; sourceTree = "<group>"; };
		84F23BE21A466CED0084F122 /* KeyboardViewController.m */ = {isa = PBXFileReference; lastKnownFileType = sourcecode.c.objc; path = KeyboardViewController.m; sourceTree = "<group>"; };
		A64BDF7003DDBCB686607B71 /* libPods-FunWord.a */ = {isa = PBXFileReference; explicitFileType = archive.ar; includeInIndex = 0; path = "libPods-FunWord.a"; sourceTree = BUILT_PRODUCTS_DIR; };
/* End PBXFileReference section */

/* Begin PBXFrameworksBuildPhase section */
		84F23BAD1A466CC90084F122 /* Frameworks */ = {
			isa = PBXFrameworksBuildPhase;
			buildActionMask = 2147483647;
			files = (
				840136CA1A5300DE00CD5635 /* libz.1.dylib in Frameworks */,
				25522B26EA6AEC6F4A05FAA4 /* libPods-FunWord.a in Frameworks */,
			);
			runOnlyForDeploymentPostprocessing = 0;
		};
		84F23BC61A466CC90084F122 /* Frameworks */ = {
			isa = PBXFrameworksBuildPhase;
			buildActionMask = 2147483647;
			files = (
			);
			runOnlyForDeploymentPostprocessing = 0;
		};
		84F23BDA1A466CED0084F122 /* Frameworks */ = {
			isa = PBXFrameworksBuildPhase;
			buildActionMask = 2147483647;
			files = (
			);
			runOnlyForDeploymentPostprocessing = 0;
		};
/* End PBXFrameworksBuildPhase section */

/* Begin PBXGroup section */
		5735811EE13D595099C9DCC3 /* Pods */ = {
			isa = PBXGroup;
			children = (
				60B180F0B3BCB450C6EED938 /* Pods-FunWord.debug.xcconfig */,
				201D0E9A244D85177962D227 /* Pods-FunWord.release.xcconfig */,
			);
			name = Pods;
			sourceTree = "<group>";
		};
		840136CB1A53018A00CD5635 /* Source */ = {
			isa = PBXGroup;
			children = (
				840136CC1A5301B600CD5635 /* FWFirstVC.h */,
				840136CD1A5301B600CD5635 /* FWFirstVC.m */,
				840136CF1A5301D300CD5635 /* FWSecondVC.h */,
				840136D01A5301D300CD5635 /* FWSecondVC.m */,
				840136D21A5301E400CD5635 /* FWThirdVC.h */,
				840136D31A5301E400CD5635 /* FWThirdVC.m */,
				840136D51A53021900CD5635 /* FWFouthVC.h */,
				840136D61A53021900CD5635 /* FWFouthVC.m */,
			);
			path = Source;
			sourceTree = "<group>";
		};
		840136D81A53037700CD5635 /* Resource */ = {
			isa = PBXGroup;
			children = (
				840136D91A53037700CD5635 /* FirstN@2x.png */,
				840136DA1A53037700CD5635 /* FirstS@2x.png */,
			);
			path = Resource;
			sourceTree = "<group>";
		};
		84F23BA71A466CC90084F122 = {
			isa = PBXGroup;
			children = (
				84F23BB21A466CC90084F122 /* FunWord */,
				84F23BCC1A466CC90084F122 /* FunWordTests */,
				84F23BDE1A466CED0084F122 /* FunWordKeyboard */,
				84F23BB11A466CC90084F122 /* Products */,
				5735811EE13D595099C9DCC3 /* Pods */,
				B8C1F221FA0DFF4F582E5FC0 /* Frameworks */,
			);
			sourceTree = "<group>";
		};
		84F23BB11A466CC90084F122 /* Products */ = {
			isa = PBXGroup;
			children = (
				84F23BB01A466CC90084F122 /* FunWord.app */,
				84F23BC91A466CC90084F122 /* FunWordTests.xctest */,
				84F23BDD1A466CED0084F122 /* FunWordKeyboard.appex */,
			);
			name = Products;
			sourceTree = "<group>";
		};
		84F23BB21A466CC90084F122 /* FunWord */ = {
			isa = PBXGroup;
			children = (
				840136D81A53037700CD5635 /* Resource */,
				840136CB1A53018A00CD5635 /* Source */,
				84F23BB71A466CC90084F122 /* AppDelegate.h */,
				84F23BB81A466CC90084F122 /* AppDelegate.m */,
				84F23BC01A466CC90084F122 /* Images.xcassets */,
				84F23BC21A466CC90084F122 /* LaunchScreen.xib */,
				84F23BB31A466CC90084F122 /* Supporting Files */,
			);
			path = FunWord;
			sourceTree = "<group>";
		};
		84F23BB31A466CC90084F122 /* Supporting Files */ = {
			isa = PBXGroup;
			children = (
				840136C81A52FFBD00CD5635 /* FunWord-Prefix.pch */,
				84F23BB41A466CC90084F122 /* Info.plist */,
				84F23BB51A466CC90084F122 /* main.m */,
			);
			name = "Supporting Files";
			sourceTree = "<group>";
		};
		84F23BCC1A466CC90084F122 /* FunWordTests */ = {
			isa = PBXGroup;
			children = (
				84F23BCF1A466CC90084F122 /* FunWordTests.m */,
				84F23BCD1A466CC90084F122 /* Supporting Files */,
			);
			path = FunWordTests;
			sourceTree = "<group>";
		};
		84F23BCD1A466CC90084F122 /* Supporting Files */ = {
			isa = PBXGroup;
			children = (
				84F23BCE1A466CC90084F122 /* Info.plist */,
			);
			name = "Supporting Files";
			sourceTree = "<group>";
		};
		84F23BDE1A466CED0084F122 /* FunWordKeyboard */ = {
			isa = PBXGroup;
			children = (
				84F23BE11A466CED0084F122 /* KeyboardViewController.h */,
				84F23BE21A466CED0084F122 /* KeyboardViewController.m */,
				84F23BDF1A466CED0084F122 /* Supporting Files */,
			);
			path = FunWordKeyboard;
			sourceTree = "<group>";
		};
		84F23BDF1A466CED0084F122 /* Supporting Files */ = {
			isa = PBXGroup;
			children = (
				84F23BE01A466CED0084F122 /* Info.plist */,
			);
			name = "Supporting Files";
			sourceTree = "<group>";
		};
		B8C1F221FA0DFF4F582E5FC0 /* Frameworks */ = {
			isa = PBXGroup;
			children = (
				840136C91A5300DE00CD5635 /* libz.1.dylib */,
				A64BDF7003DDBCB686607B71 /* libPods-FunWord.a */,
			);
			name = Frameworks;
			sourceTree = "<group>";
		};
/* End PBXGroup section */

/* Begin PBXNativeTarget section */
		84F23BAF1A466CC90084F122 /* FunWord */ = {
			isa = PBXNativeTarget;
			buildConfigurationList = 84F23BD31A466CC90084F122 /* Build configuration list for PBXNativeTarget "FunWord" */;
			buildPhases = (
				4BB6739D31C6A831DE721F71 /* Check Pods Manifest.lock */,
				84F23BAC1A466CC90084F122 /* Sources */,
				84F23BAD1A466CC90084F122 /* Frameworks */,
				84F23BAE1A466CC90084F122 /* Resources */,
				84F23BEA1A466CED0084F122 /* Embed App Extensions */,
				B4A042E5D9CC20E51668361D /* Copy Pods Resources */,
			);
			buildRules = (
			);
			dependencies = (
				84F23BE51A466CED0084F122 /* PBXTargetDependency */,
			);
			name = FunWord;
			productName = FunWord;
			productReference = 84F23BB01A466CC90084F122 /* FunWord.app */;
			productType = "com.apple.product-type.application";
		};
		84F23BC81A466CC90084F122 /* FunWordTests */ = {
			isa = PBXNativeTarget;
			buildConfigurationList = 84F23BD61A466CC90084F122 /* Build configuration list for PBXNativeTarget "FunWordTests" */;
			buildPhases = (
				84F23BC51A466CC90084F122 /* Sources */,
				84F23BC61A466CC90084F122 /* Frameworks */,
				84F23BC71A466CC90084F122 /* Resources */,
			);
			buildRules = (
			);
			dependencies = (
				84F23BCB1A466CC90084F122 /* PBXTargetDependency */,
			);
			name = FunWordTests;
			productName = FunWordTests;
			productReference = 84F23BC91A466CC90084F122 /* FunWordTests.xctest */;
			productType = "com.apple.product-type.bundle.unit-test";
		};
		84F23BDC1A466CED0084F122 /* FunWordKeyboard */ = {
			isa = PBXNativeTarget;
			buildConfigurationList = 84F23BE71A466CED0084F122 /* Build configuration list for PBXNativeTarget "FunWordKeyboard" */;
			buildPhases = (
				84F23BD91A466CED0084F122 /* Sources */,
				84F23BDA1A466CED0084F122 /* Frameworks */,
				84F23BDB1A466CED0084F122 /* Resources */,
			);
			buildRules = (
			);
			dependencies = (
			);
			name = FunWordKeyboard;
			productName = FunWordKeyboard;
			productReference = 84F23BDD1A466CED0084F122 /* FunWordKeyboard.appex */;
			productType = "com.apple.product-type.app-extension";
		};
/* End PBXNativeTarget section */

/* Begin PBXProject section */
		84F23BA81A466CC90084F122 /* Project object */ = {
			isa = PBXProject;
			attributes = {
				LastUpgradeCheck = 0610;
				ORGANIZATIONNAME = funword;
				TargetAttributes = {
					84F23BAF1A466CC90084F122 = {
						CreatedOnToolsVersion = 6.1.1;
					};
					84F23BC81A466CC90084F122 = {
						CreatedOnToolsVersion = 6.1.1;
						TestTargetID = 84F23BAF1A466CC90084F122;
					};
					84F23BDC1A466CED0084F122 = {
						CreatedOnToolsVersion = 6.1.1;
					};
				};
			};
			buildConfigurationList = 84F23BAB1A466CC90084F122 /* Build configuration list for PBXProject "FunWord" */;
			compatibilityVersion = "Xcode 3.2";
			developmentRegion = English;
			hasScannedForEncodings = 0;
			knownRegions = (
				en,
				Base,
			);
			mainGroup = 84F23BA71A466CC90084F122;
			productRefGroup = 84F23BB11A466CC90084F122 /* Products */;
			projectDirPath = "";
			projectRoot = "";
			targets = (
				84F23BAF1A466CC90084F122 /* FunWord */,
				84F23BC81A466CC90084F122 /* FunWordTests */,
				84F23BDC1A466CED0084F122 /* FunWordKeyboard */,
			);
		};
/* End PBXProject section */

/* Begin PBXResourcesBuildPhase section */
		84F23BAE1A466CC90084F122 /* Resources */ = {
			isa = PBXResourcesBuildPhase;
			buildActionMask = 2147483647;
			files = (
				84F23BC41A466CC90084F122 /* LaunchScreen.xib in Resources */,
				840136DC1A53037700CD5635 /* FirstS@2x.png in Resources */,
				84F23BC11A466CC90084F122 /* Images.xcassets in Resources */,
				840136DB1A53037700CD5635 /* FirstN@2x.png in Resources */,
			);
			runOnlyForDeploymentPostprocessing = 0;
		};
		84F23BC71A466CC90084F122 /* Resources */ = {
			isa = PBXResourcesBuildPhase;
			buildActionMask = 2147483647;
			files = (
			);
			runOnlyForDeploymentPostprocessing = 0;
		};
		84F23BDB1A466CED0084F122 /* Resources */ = {
			isa = PBXResourcesBuildPhase;
			buildActionMask = 2147483647;
			files = (
			);
			runOnlyForDeploymentPostprocessing = 0;
		};
/* End PBXResourcesBuildPhase section */

/* Begin PBXShellScriptBuildPhase section */
		4BB6739D31C6A831DE721F71 /* Check Pods Manifest.lock */ = {
			isa = PBXShellScriptBuildPhase;
			buildActionMask = 2147483647;
			files = (
			);
			inputPaths = (
			);
			name = "Check Pods Manifest.lock";
			outputPaths = (
			);
			runOnlyForDeploymentPostprocessing = 0;
			shellPath = /bin/sh;
			shellScript = "diff \"${PODS_ROOT}/../Podfile.lock\" \"${PODS_ROOT}/Manifest.lock\" > /dev/null\nif [[ $? != 0 ]] ; then\n    cat << EOM\nerror: The sandbox is not in sync with the Podfile.lock. Run 'pod install' or update your CocoaPods installation.\nEOM\n    exit 1\nfi\n";
			showEnvVarsInLog = 0;
		};
		B4A042E5D9CC20E51668361D /* Copy Pods Resources */ = {
			isa = PBXShellScriptBuildPhase;
			buildActionMask = 2147483647;
			files = (
			);
			inputPaths = (
			);
			name = "Copy Pods Resources";
			outputPaths = (
			);
			runOnlyForDeploymentPostprocessing = 0;
			shellPath = /bin/sh;
			shellScript = "\"${SRCROOT}/Pods/Target Support Files/Pods-FunWord/Pods-FunWord-resources.sh\"\n";
			showEnvVarsInLog = 0;
		};
/* End PBXShellScriptBuildPhase section */

/* Begin PBXSourcesBuildPhase section */
		84F23BAC1A466CC90084F122 /* Sources */ = {
			isa = PBXSourcesBuildPhase;
			buildActionMask = 2147483647;
			files = (
				840136D71A53021900CD5635 /* FWFouthVC.m in Sources */,
				84F23BB91A466CC90084F122 /* AppDelegate.m in Sources */,
				840136D41A5301E400CD5635 /* FWThirdVC.m in Sources */,
				840136D11A5301D300CD5635 /* FWSecondVC.m in Sources */,
				840136CE1A5301B600CD5635 /* FWFirstVC.m in Sources */,
				84F23BB61A466CC90084F122 /* main.m in Sources */,
			);
			runOnlyForDeploymentPostprocessing = 0;
		};
		84F23BC51A466CC90084F122 /* Sources */ = {
			isa = PBXSourcesBuildPhase;
			buildActionMask = 2147483647;
			files = (
				84F23BD01A466CC90084F122 /* FunWordTests.m in Sources */,
			);
			runOnlyForDeploymentPostprocessing = 0;
		};
		84F23BD91A466CED0084F122 /* Sources */ = {
			isa = PBXSourcesBuildPhase;
			buildActionMask = 2147483647;
			files = (
				84F23BE31A466CED0084F122 /* KeyboardViewController.m in Sources */,
			);
			runOnlyForDeploymentPostprocessing = 0;
		};
/* End PBXSourcesBuildPhase section */

/* Begin PBXTargetDependency section */
		84F23BCB1A466CC90084F122 /* PBXTargetDependency */ = {
			isa = PBXTargetDependency;
			target = 84F23BAF1A466CC90084F122 /* FunWord */;
			targetProxy = 84F23BCA1A466CC90084F122 /* PBXContainerItemProxy */;
		};
		84F23BE51A466CED0084F122 /* PBXTargetDependency */ = {
			isa = PBXTargetDependency;
			target = 84F23BDC1A466CED0084F122 /* FunWordKeyboard */;
			targetProxy = 84F23BE41A466CED0084F122 /* PBXContainerItemProxy */;
		};
/* End PBXTargetDependency section */

/* Begin PBXVariantGroup section */
		84F23BC21A466CC90084F122 /* LaunchScreen.xib */ = {
			isa = PBXVariantGroup;
			children = (
				84F23BC31A466CC90084F122 /* Base */,
			);
			name = LaunchScreen.xib;
			sourceTree = "<group>";
		};
/* End PBXVariantGroup section */

/* Begin XCBuildConfiguration section */
		84F23BD11A466CC90084F122 /* Debug */ = {
			isa = XCBuildConfiguration;
			buildSettings = {
				ALWAYS_SEARCH_USER_PATHS = NO;
				CLANG_CXX_LANGUAGE_STANDARD = "gnu++0x";
				CLANG_CXX_LIBRARY = "libc++";
				CLANG_ENABLE_MODULES = YES;
				CLANG_ENABLE_OBJC_ARC = YES;
				CLANG_WARN_BOOL_CONVERSION = YES;
				CLANG_WARN_CONSTANT_CONVERSION = YES;
				CLANG_WARN_DIRECT_OBJC_ISA_USAGE = YES_ERROR;
				CLANG_WARN_EMPTY_BODY = YES;
				CLANG_WARN_ENUM_CONVERSION = YES;
				CLANG_WARN_INT_CONVERSION = YES;
				CLANG_WARN_OBJC_ROOT_CLASS = YES_ERROR;
				CLANG_WARN_UNREACHABLE_CODE = YES;
				CLANG_WARN__DUPLICATE_METHOD_MATCH = YES;
				"CODE_SIGN_IDENTITY[sdk=iphoneos*]" = "iPhone Developer";
				COPY_PHASE_STRIP = NO;
				ENABLE_STRICT_OBJC_MSGSEND = YES;
				GCC_C_LANGUAGE_STANDARD = gnu99;
				GCC_DYNAMIC_NO_PIC = NO;
				GCC_OPTIMIZATION_LEVEL = 0;
				GCC_PREPROCESSOR_DEFINITIONS = (
					"DEBUG=1",
					"$(inherited)",
				);
				GCC_SYMBOLS_PRIVATE_EXTERN = NO;
				GCC_WARN_64_TO_32_BIT_CONVERSION = YES;
				GCC_WARN_ABOUT_RETURN_TYPE = YES_ERROR;
				GCC_WARN_UNDECLARED_SELECTOR = YES;
				GCC_WARN_UNINITIALIZED_AUTOS = YES_AGGRESSIVE;
				GCC_WARN_UNUSED_FUNCTION = YES;
				GCC_WARN_UNUSED_VARIABLE = YES;
				IPHONEOS_DEPLOYMENT_TARGET = 8.1;
				MTL_ENABLE_DEBUG_INFO = YES;
				ONLY_ACTIVE_ARCH = YES;
				SDKROOT = iphoneos;
			};
			name = Debug;
		};
		84F23BD21A466CC90084F122 /* Release */ = {
			isa = XCBuildConfiguration;
			buildSettings = {
				ALWAYS_SEARCH_USER_PATHS = NO;
				CLANG_CXX_LANGUAGE_STANDARD = "gnu++0x";
				CLANG_CXX_LIBRARY = "libc++";
				CLANG_ENABLE_MODULES = YES;
				CLANG_ENABLE_OBJC_ARC = YES;
				CLANG_WARN_BOOL_CONVERSION = YES;
				CLANG_WARN_CONSTANT_CONVERSION = YES;
				CLANG_WARN_DIRECT_OBJC_ISA_USAGE = YES_ERROR;
				CLANG_WARN_EMPTY_BODY = YES;
				CLANG_WARN_ENUM_CONVERSION = YES;
				CLANG_WARN_INT_CONVERSION = YES;
				CLANG_WARN_OBJC_ROOT_CLASS = YES_ERROR;
				CLANG_WARN_UNREACHABLE_CODE = YES;
				CLANG_WARN__DUPLICATE_METHOD_MATCH = YES;
				"CODE_SIGN_IDENTITY[sdk=iphoneos*]" = "iPhone Developer";
				COPY_PHASE_STRIP = YES;
				ENABLE_NS_ASSERTIONS = NO;
				ENABLE_STRICT_OBJC_MSGSEND = YES;
				GCC_C_LANGUAGE_STANDARD = gnu99;
				GCC_WARN_64_TO_32_BIT_CONVERSION = YES;
				GCC_WARN_ABOUT_RETURN_TYPE = YES_ERROR;
				GCC_WARN_UNDECLARED_SELECTOR = YES;
				GCC_WARN_UNINITIALIZED_AUTOS = YES_AGGRESSIVE;
				GCC_WARN_UNUSED_FUNCTION = YES;
				GCC_WARN_UNUSED_VARIABLE = YES;
				IPHONEOS_DEPLOYMENT_TARGET = 8.1;
				MTL_ENABLE_DEBUG_INFO = NO;
				SDKROOT = iphoneos;
				VALIDATE_PRODUCT = YES;
			};
			name = Release;
		};
		84F23BD41A466CC90084F122 /* Debug */ = {
			isa = XCBuildConfiguration;
			baseConfigurationReference = 60B180F0B3BCB450C6EED938 /* Pods-FunWord.debug.xcconfig */;
			buildSettings = {
				ASSETCATALOG_COMPILER_APPICON_NAME = AppIcon;
				GCC_PREFIX_HEADER = "FunWord/FunWord-Prefix.pch";
				INFOPLIST_FILE = FunWord/Info.plist;
				IPHONEOS_DEPLOYMENT_TARGET = 8.0;
				LD_RUNPATH_SEARCH_PATHS = "$(inherited) @executable_path/Frameworks";
				PRODUCT_NAME = "$(TARGET_NAME)";
			};
			name = Debug;
		};
		84F23BD51A466CC90084F122 /* Release */ = {
			isa = XCBuildConfiguration;
			baseConfigurationReference = 201D0E9A244D85177962D227 /* Pods-FunWord.release.xcconfig */;
			buildSettings = {
				ASSETCATALOG_COMPILER_APPICON_NAME = AppIcon;
				GCC_PREFIX_HEADER = "FunWord/FunWord-Prefix.pch";
				INFOPLIST_FILE = FunWord/Info.plist;
				IPHONEOS_DEPLOYMENT_TARGET = 8.0;
				LD_RUNPATH_SEARCH_PATHS = "$(inherited) @executable_path/Frameworks";
				PRODUCT_NAME = "$(TARGET_NAME)";
			};
			name = Release;
		};
		84F23BD71A466CC90084F122 /* Debug */ = {
			isa = XCBuildConfiguration;
			buildSettings = {
				BUNDLE_LOADER = "$(TEST_HOST)";
				FRAMEWORK_SEARCH_PATHS = (
					"$(SDKROOT)/Developer/Library/Frameworks",
					"$(inherited)",
				);
				GCC_PREPROCESSOR_DEFINITIONS = (
					"DEBUG=1",
					"$(inherited)",
				);
				INFOPLIST_FILE = FunWordTests/Info.plist;
				LD_RUNPATH_SEARCH_PATHS = "$(inherited) @executable_path/Frameworks @loader_path/Frameworks";
				PRODUCT_NAME = "$(TARGET_NAME)";
				TEST_HOST = "$(BUILT_PRODUCTS_DIR)/FunWord.app/FunWord";
			};
			name = Debug;
		};
		84F23BD81A466CC90084F122 /* Release */ = {
			isa = XCBuildConfiguration;
			buildSettings = {
				BUNDLE_LOADER = "$(TEST_HOST)";
				FRAMEWORK_SEARCH_PATHS = (
					"$(SDKROOT)/Developer/Library/Frameworks",
					"$(inherited)",
				);
				INFOPLIST_FILE = FunWordTests/Info.plist;
				LD_RUNPATH_SEARCH_PATHS = "$(inherited) @executable_path/Frameworks @loader_path/Frameworks";
				PRODUCT_NAME = "$(TARGET_NAME)";
				TEST_HOST = "$(BUILT_PRODUCTS_DIR)/FunWord.app/FunWord";
			};
			name = Release;
		};
		84F23BE81A466CED0084F122 /* Debug */ = {
			isa = XCBuildConfiguration;
			buildSettings = {
				GCC_PREPROCESSOR_DEFINITIONS = (
					"DEBUG=1",
					"$(inherited)",
				);
				INFOPLIST_FILE = FunWordKeyboard/Info.plist;
				IPHONEOS_DEPLOYMENT_TARGET = 8.0;
				LD_RUNPATH_SEARCH_PATHS = "$(inherited) @executable_path/Frameworks @executable_path/../../Frameworks";
				PRODUCT_NAME = "$(TARGET_NAME)";
				SKIP_INSTALL = YES;
			};
			name = Debug;
		};
		84F23BE91A466CED0084F122 /* Release */ = {
			isa = XCBuildConfiguration;
			buildSettings = {
				INFOPLIST_FILE = FunWordKeyboard/Info.plist;
				IPHONEOS_DEPLOYMENT_TARGET = 8.0;
				LD_RUNPATH_SEARCH_PATHS = "$(inherited) @executable_path/Frameworks @executable_path/../../Frameworks";
				PRODUCT_NAME = "$(TARGET_NAME)";
				SKIP_INSTALL = YES;
			};
			name = Release;
		};
/* End XCBuildConfiguration section */

/* Begin XCConfigurationList section */
		84F23BAB1A466CC90084F122 /* Build configuration list for PBXProject "FunWord" */ = {
			isa = XCConfigurationList;
			buildConfigurations = (
				84F23BD11A466CC90084F122 /* Debug */,
				84F23BD21A466CC90084F122 /* Release */,
			);
			defaultConfigurationIsVisible = 0;
			defaultConfigurationName = Release;
		};
		84F23BD31A466CC90084F122 /* Build configuration list for PBXNativeTarget "FunWord" */ = {
			isa = XCConfigurationList;
			buildConfigurations = (
				84F23BD41A466CC90084F122 /* Debug */,
				84F23BD51A466CC90084F122 /* Release */,
			);
			defaultConfigurationIsVisible = 0;
			defaultConfigurationName = Release;
		};
		84F23BD61A466CC90084F122 /* Build configuration list for PBXNativeTarget "FunWordTests" */ = {
			isa = XCConfigurationList;
			buildConfigurations = (
				84F23BD71A466CC90084F122 /* Debug */,
				84F23BD81A466CC90084F122 /* Release */,
			);
			defaultConfigurationIsVisible = 0;
			defaultConfigurationName = Release;
		};
		84F23BE71A466CED0084F122 /* Build configuration list for PBXNativeTarget "FunWordKeyboard" */ = {
			isa = XCConfigurationList;
			buildConfigurations = (
				84F23BE81A466CED0084F122 /* Debug */,
				84F23BE91A466CED0084F122 /* Release */,
			);
			defaultConfigurationIsVisible = 0;
			defaultConfigurationName = Release;
		};
/* End XCConfigurationList section */
	};
	rootObject = 84F23BA81A466CC90084F122 /* Project object */;
}
