PODS:
  - AFNetworking (2.5.0):
    - AFNetworking/NSURLConnection (= 2.5.0)
    - AFNetworking/NSURLSession (= 2.5.0)
    - AFNetworking/Reachability (= 2.5.0)
    - AFNetworking/Security (= 2.5.0)
    - AFNetworking/Serialization (= 2.5.0)
    - AFNetworking/UIKit (= 2.5.0)
  - AFNetworking/NSURLConnection (2.5.0):
    - AFNetworking/Reachability
    - AFNetworking/Security
    - AFNetworking/Serialization
  - AFNetworking/NSURLSession (2.5.0):
    - AFNetworking/Reachability
    - AFNetworking/Security
    - AFNetworking/Serialization
  - AFNetworking/Reachability (2.5.0)
  - AFNetworking/Security (2.5.0)
  - AFNetworking/Serialization (2.5.0)
  - AFNetworking/UIKit (2.5.0):
    - AFNetworking/NSURLConnection
    - AFNetworking/NSURLSession
  - ASProgressPopUpView (0.8)
  - HMSegmentedControl (1.4.0)
  - RegexKitLite (4.0)
  - SDWebImage (3.6.0.3):
    - RegexKitLite (= 4.0)
    - WebP
  - SVProgressHUD (1.0)
  - SVPullToRefresh (0.4.1)
  - TPKeyboardAvoiding (1.2.4)
  - WebP (2.0.0)

DEPENDENCIES:
  - AFNetworking (= 2.5.0)
  - ASProgressPopUpView (= 0.8)
  - HMSegmentedControl (= 1.4.0)
  - SDWebImage (= 3.6.0.3)
  - SVProgressHUD (= 1.0)
  - SVPullToRefresh (= 0.4.1)
  - TPKeyboardAvoiding (= 1.2.4)

SPEC CHECKSUMS:
  AFNetworking: 63a5d8a6652f6a2e2de63d885f0c13965524fd2f
  ASProgressPopUpView: 6449aac9e7ef4d24de18a4778445fc2f22fbd121
  HMSegmentedControl: 454c1fbbd59474e9bd72f591079e25a6d5d39cb2
  RegexKitLite: c5f91fc20f4d76de142d737a4d02691bc8027839
  SDWebImage: 8473ed0e016d9a242b2bab49e6f7f32f9d2dff3d
  SVProgressHUD: 9ae7b26053aba0772f5e0299df3dff25e24ce002
  SVPullToRefresh: ed2780467bd4a16a346388e6f628ce983d100f62
  TPKeyboardAvoiding: 7e48faec0408ff917a17572bf2bb48943fb1b6e8
  WebP: 8536946a217e6b95cb49f7856a305ffcba58fa33

COCOAPODS: 0.35.0
